// !$*UTF8*$!
{
	archiveVersion = 1;
	classes = {
	};
	objectVersion = 46;
	objects = {

/* Begin PBXBuildFile section */
		C6782D221CA6FCD300A862A5 /* TripTabSitter.storyboard in Resources */ = {isa = PBXBuildFile; fileRef = C6782D211CA6FCD300A862A5 /* TripTabSitter.storyboard */; };
		C6D73BF21CB4B7B0001BC7F2 /* PetView.storyboard in Resources */ = {isa = PBXBuildFile; fileRef = C6D73BF11CB4B7B0001BC7F2 /* PetView.storyboard */; };
		C6D73BFE1CB4B7DD001BC7F2 /* AddPetOwner.swift in Sources */ = {isa = PBXBuildFile; fileRef = C6D73BF31CB4B7DD001BC7F2 /* AddPetOwner.swift */; };
		C6D73BFF1CB4B7DD001BC7F2 /* CollectionViewCellOwner.swift in Sources */ = {isa = PBXBuildFile; fileRef = C6D73BF41CB4B7DD001BC7F2 /* CollectionViewCellOwner.swift */; };
		C6D73C001CB4B7DD001BC7F2 /* ContactInfoOwner.swift in Sources */ = {isa = PBXBuildFile; fileRef = C6D73BF51CB4B7DD001BC7F2 /* ContactInfoOwner.swift */; };
		C6D73C011CB4B7DD001BC7F2 /* EditContactInfoOwner.swift in Sources */ = {isa = PBXBuildFile; fileRef = C6D73BF61CB4B7DD001BC7F2 /* EditContactInfoOwner.swift */; };
		C6D73C021CB4B7DD001BC7F2 /* ExistingPetOwner.swift in Sources */ = {isa = PBXBuildFile; fileRef = C6D73BF71CB4B7DD001BC7F2 /* ExistingPetOwner.swift */; };
		C6D73C031CB4B7DD001BC7F2 /* PetTabSitter.storyboard in Resources */ = {isa = PBXBuildFile; fileRef = C6D73BF81CB4B7DD001BC7F2 /* PetTabSitter.storyboard */; };
		C6D73C041CB4B7DD001BC7F2 /* CellSitter.swift in Sources */ = {isa = PBXBuildFile; fileRef = C6D73BF91CB4B7DD001BC7F2 /* CellSitter.swift */; };
		C6D73C051CB4B7DD001BC7F2 /* ContactInfoSitter.swift in Sources */ = {isa = PBXBuildFile; fileRef = C6D73BFA1CB4B7DD001BC7F2 /* ContactInfoSitter.swift */; };
		C6D73C061CB4B7DD001BC7F2 /* PetInfoSitter.swift in Sources */ = {isa = PBXBuildFile; fileRef = C6D73BFB1CB4B7DD001BC7F2 /* PetInfoSitter.swift */; };
		C6D73C071CB4B7DD001BC7F2 /* PetsSitter.swift in Sources */ = {isa = PBXBuildFile; fileRef = C6D73BFC1CB4B7DD001BC7F2 /* PetsSitter.swift */; };
		C6DA0D2A1CA62CED00F425B3 /* AppDelegate.swift in Sources */ = {isa = PBXBuildFile; fileRef = C6DA0D291CA62CED00F425B3 /* AppDelegate.swift */; };
		C6DA0D2C1CA62CED00F425B3 /* ViewController.swift in Sources */ = {isa = PBXBuildFile; fileRef = C6DA0D2B1CA62CED00F425B3 /* ViewController.swift */; };
		C6DA0D2F1CA62CED00F425B3 /* Main.storyboard in Resources */ = {isa = PBXBuildFile; fileRef = C6DA0D2D1CA62CED00F425B3 /* Main.storyboard */; };
		C6DA0D321CA62CED00F425B3 /* SitStay.xcdatamodeld in Sources */ = {isa = PBXBuildFile; fileRef = C6DA0D301CA62CED00F425B3 /* SitStay.xcdatamodeld */; };
		C6DA0D341CA62CED00F425B3 /* Assets.xcassets in Resources */ = {isa = PBXBuildFile; fileRef = C6DA0D331CA62CED00F425B3 /* Assets.xcassets */; };
		C6DA0D371CA62CED00F425B3 /* LaunchScreen.storyboard in Resources */ = {isa = PBXBuildFile; fileRef = C6DA0D351CA62CED00F425B3 /* LaunchScreen.storyboard */; };
		C6DA0D421CA6350400F425B3 /* add.png in Resources */ = {isa = PBXBuildFile; fileRef = C6DA0D411CA6350400F425B3 /* add.png */; };
		C6FAB3F91CB5F1D300A331AD /* PetTabOwner.swift in Sources */ = {isa = PBXBuildFile; fileRef = C6FAB3F81CB5F1D300A331AD /* PetTabOwner.swift */; };
/* End PBXBuildFile section */

/* Begin PBXFileReference section */
		C6782D211CA6FCD300A862A5 /* TripTabSitter.storyboard */ = {isa = PBXFileReference; fileEncoding = 4; lastKnownFileType = file.storyboard; path = TripTabSitter.storyboard; sourceTree = "<group>"; };
		C6D73BF11CB4B7B0001BC7F2 /* PetView.storyboard */ = {isa = PBXFileReference; fileEncoding = 4; lastKnownFileType = file.storyboard; path = PetView.storyboard; sourceTree = "<group>"; };
		C6D73BF31CB4B7DD001BC7F2 /* AddPetOwner.swift */ = {isa = PBXFileReference; fileEncoding = 4; lastKnownFileType = sourcecode.swift; path = AddPetOwner.swift; sourceTree = "<group>"; };
		C6D73BF41CB4B7DD001BC7F2 /* CollectionViewCellOwner.swift */ = {isa = PBXFileReference; fileEncoding = 4; lastKnownFileType = sourcecode.swift; path = CollectionViewCellOwner.swift; sourceTree = "<group>"; };
		C6D73BF51CB4B7DD001BC7F2 /* ContactInfoOwner.swift */ = {isa = PBXFileReference; fileEncoding = 4; lastKnownFileType = sourcecode.swift; path = ContactInfoOwner.swift; sourceTree = "<group>"; };
		C6D73BF61CB4B7DD001BC7F2 /* EditContactInfoOwner.swift */ = {isa = PBXFileReference; fileEncoding = 4; lastKnownFileType = sourcecode.swift; path = EditContactInfoOwner.swift; sourceTree = "<group>"; };
		C6D73BF71CB4B7DD001BC7F2 /* ExistingPetOwner.swift */ = {isa = PBXFileReference; fileEncoding = 4; lastKnownFileType = sourcecode.swift; path = ExistingPetOwner.swift; sourceTree = "<group>"; };
		C6D73BF81CB4B7DD001BC7F2 /* PetTabSitter.storyboard */ = {isa = PBXFileReference; fileEncoding = 4; lastKnownFileType = file.storyboard; path = PetTabSitter.storyboard; sourceTree = "<group>"; };
		C6D73BF91CB4B7DD001BC7F2 /* CellSitter.swift */ = {isa = PBXFileReference; fileEncoding = 4; lastKnownFileType = sourcecode.swift; path = CellSitter.swift; sourceTree = "<group>"; };
		C6D73BFA1CB4B7DD001BC7F2 /* ContactInfoSitter.swift */ = {isa = PBXFileReference; fileEncoding = 4; lastKnownFileType = sourcecode.swift; path = ContactInfoSitter.swift; sourceTree = "<group>"; };
		C6D73BFB1CB4B7DD001BC7F2 /* PetInfoSitter.swift */ = {isa = PBXFileReference; fileEncoding = 4; lastKnownFileType = sourcecode.swift; path = PetInfoSitter.swift; sourceTree = "<group>"; };
		C6D73BFC1CB4B7DD001BC7F2 /* PetsSitter.swift */ = {isa = PBXFileReference; fileEncoding = 4; lastKnownFileType = sourcecode.swift; path = PetsSitter.swift; sourceTree = "<group>"; };
		C6DA0D261CA62CED00F425B3 /* SitStay.app */ = {isa = PBXFileReference; explicitFileType = wrapper.application; includeInIndex = 0; path = SitStay.app; sourceTree = BUILT_PRODUCTS_DIR; };
		C6DA0D291CA62CED00F425B3 /* AppDelegate.swift */ = {isa = PBXFileReference; lastKnownFileType = sourcecode.swift; path = AppDelegate.swift; sourceTree = "<group>"; };
		C6DA0D2B1CA62CED00F425B3 /* ViewController.swift */ = {isa = PBXFileReference; lastKnownFileType = sourcecode.swift; path = ViewController.swift; sourceTree = "<group>"; };
		C6DA0D2E1CA62CED00F425B3 /* Base */ = {isa = PBXFileReference; lastKnownFileType = file.storyboard; name = Base; path = Base.lproj/Main.storyboard; sourceTree = "<group>"; };
		C6DA0D311CA62CED00F425B3 /* SitStay.xcdatamodel */ = {isa = PBXFileReference; lastKnownFileType = wrapper.xcdatamodel; path = SitStay.xcdatamodel; sourceTree = "<group>"; };
		C6DA0D331CA62CED00F425B3 /* Assets.xcassets */ = {isa = PBXFileReference; lastKnownFileType = folder.assetcatalog; path = Assets.xcassets; sourceTree = "<group>"; };
		C6DA0D361CA62CED00F425B3 /* Base */ = {isa = PBXFileReference; lastKnownFileType = file.storyboard; name = Base; path = Base.lproj/LaunchScreen.storyboard; sourceTree = "<group>"; };
		C6DA0D381CA62CED00F425B3 /* Info.plist */ = {isa = PBXFileReference; lastKnownFileType = text.plist.xml; path = Info.plist; sourceTree = "<group>"; };
		C6DA0D411CA6350400F425B3 /* add.png */ = {isa = PBXFileReference; lastKnownFileType = image.png; path = add.png; sourceTree = "<group>"; };
		C6FAB3F81CB5F1D300A331AD /* PetTabOwner.swift */ = {isa = PBXFileReference; fileEncoding = 4; lastKnownFileType = sourcecode.swift; path = PetTabOwner.swift; sourceTree = "<group>"; };
/* End PBXFileReference section */

/* Begin PBXFrameworksBuildPhase section */
		C6DA0D231CA62CED00F425B3 /* Frameworks */ = {
			isa = PBXFrameworksBuildPhase;
			buildActionMask = 2147483647;
			files = (
			);
			runOnlyForDeploymentPostprocessing = 0;
		};
/* End PBXFrameworksBuildPhase section */

/* Begin PBXGroup section */
		C6D73C091CB4BA05001BC7F2 /* Views */ = {
			isa = PBXGroup;
			children = (
				C6D73BF81CB4B7DD001BC7F2 /* PetTabSitter.storyboard */,
				C6D73BF11CB4B7B0001BC7F2 /* PetView.storyboard */,
				C6DA0D2D1CA62CED00F425B3 /* Main.storyboard */,
				C6DA0D351CA62CED00F425B3 /* LaunchScreen.storyboard */,
				C6782D211CA6FCD300A862A5 /* TripTabSitter.storyboard */,
			);
			name = Views;
			sourceTree = "<group>";
		};
		C6D73C0A1CB4BA1D001BC7F2 /* Controllers */ = {
			isa = PBXGroup;
			children = (
				C6D73BF31CB4B7DD001BC7F2 /* AddPetOwner.swift */,
				C6D73BF41CB4B7DD001BC7F2 /* CollectionViewCellOwner.swift */,
				C6D73BF51CB4B7DD001BC7F2 /* ContactInfoOwner.swift */,
				C6D73BF61CB4B7DD001BC7F2 /* EditContactInfoOwner.swift */,
				C6D73BF71CB4B7DD001BC7F2 /* ExistingPetOwner.swift */,
				C6D73BF91CB4B7DD001BC7F2 /* CellSitter.swift */,
				C6D73BFA1CB4B7DD001BC7F2 /* ContactInfoSitter.swift */,
				C6D73BFB1CB4B7DD001BC7F2 /* PetInfoSitter.swift */,
				C6D73BFC1CB4B7DD001BC7F2 /* PetsSitter.swift */,
				C6DA0D2B1CA62CED00F425B3 /* ViewController.swift */,
				C6FAB3F81CB5F1D300A331AD /* PetTabOwner.swift */,
			);
			name = Controllers;
			sourceTree = "<group>";
		};
		C6D73C0B1CB4BA2C001BC7F2 /* Model */ = {
			isa = PBXGroup;
			children = (
				C6DA0D301CA62CED00F425B3 /* SitStay.xcdatamodeld */,
			);
			name = Model;
			sourceTree = "<group>";
		};
		C6DA0D1D1CA62CED00F425B3 = {
			isa = PBXGroup;
			children = (
				C6DA0D281CA62CED00F425B3 /* SitStay */,
				C6DA0D271CA62CED00F425B3 /* Products */,
			);
			sourceTree = "<group>";
		};
		C6DA0D271CA62CED00F425B3 /* Products */ = {
			isa = PBXGroup;
			children = (
				C6DA0D261CA62CED00F425B3 /* SitStay.app */,
			);
			name = Products;
			sourceTree = "<group>";
		};
		C6DA0D281CA62CED00F425B3 /* SitStay */ = {
			isa = PBXGroup;
			children = (
				C6D73C0A1CB4BA1D001BC7F2 /* Controllers */,
				C6D73C091CB4BA05001BC7F2 /* Views */,
				C6DA0D401CA634E600F425B3 /* img */,
				C6DA0D291CA62CED00F425B3 /* AppDelegate.swift */,
				C6DA0D331CA62CED00F425B3 /* Assets.xcassets */,
				C6DA0D381CA62CED00F425B3 /* Info.plist */,
				C6D73C0B1CB4BA2C001BC7F2 /* Model */,
			);
			path = SitStay;
			sourceTree = "<group>";
		};
		C6DA0D401CA634E600F425B3 /* img */ = {
			isa = PBXGroup;
			children = (
				C6DA0D411CA6350400F425B3 /* add.png */,
			);
			name = img;
			sourceTree = "<group>";
		};
/* End PBXGroup section */

/* Begin PBXNativeTarget section */
		C6DA0D251CA62CED00F425B3 /* SitStay */ = {
			isa = PBXNativeTarget;
			buildConfigurationList = C6DA0D3B1CA62CED00F425B3 /* Build configuration list for PBXNativeTarget "SitStay" */;
			buildPhases = (
				C6DA0D221CA62CED00F425B3 /* Sources */,
				C6DA0D231CA62CED00F425B3 /* Frameworks */,
				C6DA0D241CA62CED00F425B3 /* Resources */,
			);
			buildRules = (
			);
			dependencies = (
			);
			name = SitStay;
			productName = SitStay;
			productReference = C6DA0D261CA62CED00F425B3 /* SitStay.app */;
			productType = "com.apple.product-type.application";
		};
/* End PBXNativeTarget section */

/* Begin PBXProject section */
		C6DA0D1E1CA62CED00F425B3 /* Project object */ = {
			isa = PBXProject;
			attributes = {
				LastSwiftUpdateCheck = 0720;
				LastUpgradeCheck = 0720;
				ORGANIZATIONNAME = GroupA;
				TargetAttributes = {
					C6DA0D251CA62CED00F425B3 = {
						CreatedOnToolsVersion = 7.2;
					};
				};
			};
			buildConfigurationList = C6DA0D211CA62CED00F425B3 /* Build configuration list for PBXProject "SitStay" */;
			compatibilityVersion = "Xcode 3.2";
			developmentRegion = English;
			hasScannedForEncodings = 0;
			knownRegions = (
				en,
				Base,
			);
			mainGroup = C6DA0D1D1CA62CED00F425B3;
			productRefGroup = C6DA0D271CA62CED00F425B3 /* Products */;
			projectDirPath = "";
			projectRoot = "";
			targets = (
				C6DA0D251CA62CED00F425B3 /* SitStay */,
			);
		};
/* End PBXProject section */

/* Begin PBXResourcesBuildPhase section */
		C6DA0D241CA62CED00F425B3 /* Resources */ = {
			isa = PBXResourcesBuildPhase;
			buildActionMask = 2147483647;
			files = (
				C6782D221CA6FCD300A862A5 /* TripTabSitter.storyboard in Resources */,
				C6D73C031CB4B7DD001BC7F2 /* PetTabSitter.storyboard in Resources */,
				C6DA0D371CA62CED00F425B3 /* LaunchScreen.storyboard in Resources */,
				C6DA0D341CA62CED00F425B3 /* Assets.xcassets in Resources */,
				C6DA0D2F1CA62CED00F425B3 /* Main.storyboard in Resources */,
				C6DA0D421CA6350400F425B3 /* add.png in Resources */,
				C6D73BF21CB4B7B0001BC7F2 /* PetView.storyboard in Resources */,
			);
			runOnlyForDeploymentPostprocessing = 0;
		};
/* End PBXResourcesBuildPhase section */

/* Begin PBXSourcesBuildPhase section */
		C6DA0D221CA62CED00F425B3 /* Sources */ = {
			isa = PBXSourcesBuildPhase;
			buildActionMask = 2147483647;
			files = (
				C6D73C021CB4B7DD001BC7F2 /* ExistingPetOwner.swift in Sources */,
				C6D73C001CB4B7DD001BC7F2 /* ContactInfoOwner.swift in Sources */,
				C6D73C041CB4B7DD001BC7F2 /* CellSitter.swift in Sources */,
				C6D73C051CB4B7DD001BC7F2 /* ContactInfoSitter.swift in Sources */,
				C6D73C011CB4B7DD001BC7F2 /* EditContactInfoOwner.swift in Sources */,
				C6DA0D2C1CA62CED00F425B3 /* ViewController.swift in Sources */,
				C6D73BFE1CB4B7DD001BC7F2 /* AddPetOwner.swift in Sources */,
				C6D73BFF1CB4B7DD001BC7F2 /* CollectionViewCellOwner.swift in Sources */,
				C6FAB3F91CB5F1D300A331AD /* PetTabOwner.swift in Sources */,
				C6DA0D321CA62CED00F425B3 /* SitStay.xcdatamodeld in Sources */,
				C6D73C061CB4B7DD001BC7F2 /* PetInfoSitter.swift in Sources */,
				C6D73C071CB4B7DD001BC7F2 /* PetsSitter.swift in Sources */,
				C6DA0D2A1CA62CED00F425B3 /* AppDelegate.swift in Sources */,
			);
			runOnlyForDeploymentPostprocessing = 0;
		};
/* End PBXSourcesBuildPhase section */

/* Begin PBXVariantGroup section */
		C6DA0D2D1CA62CED00F425B3 /* Main.storyboard */ = {
			isa = PBXVariantGroup;
			children = (
				C6DA0D2E1CA62CED00F425B3 /* Base */,
			);
			name = Main.storyboard;
			sourceTree = "<group>";
		};
		C6DA0D351CA62CED00F425B3 /* LaunchScreen.storyboard */ = {
			isa = PBXVariantGroup;
			children = (
				C6DA0D361CA62CED00F425B3 /* Base */,
			);
			name = LaunchScreen.storyboard;
			sourceTree = "<group>";
		};
/* End PBXVariantGroup section */

/* Begin XCBuildConfiguration section */
		C6DA0D391CA62CED00F425B3 /* Debug */ = {
			isa = XCBuildConfiguration;
			buildSettings = {
				ALWAYS_SEARCH_USER_PATHS = NO;
				CLANG_CXX_LANGUAGE_STANDARD = "gnu++0x";
				CLANG_CXX_LIBRARY = "libc++";
				CLANG_ENABLE_MODULES = YES;
				CLANG_ENABLE_OBJC_ARC = YES;
				CLANG_WARN_BOOL_CONVERSION = YES;
				CLANG_WARN_CONSTANT_CONVERSION = YES;
				CLANG_WARN_DIRECT_OBJC_ISA_USAGE = YES_ERROR;
				CLANG_WARN_EMPTY_BODY = YES;
				CLANG_WARN_ENUM_CONVERSION = YES;
				CLANG_WARN_INT_CONVERSION = YES;
				CLANG_WARN_OBJC_ROOT_CLASS = YES_ERROR;
				CLANG_WARN_UNREACHABLE_CODE = YES;
				CLANG_WARN__DUPLICATE_METHOD_MATCH = YES;
				"CODE_SIGN_IDENTITY[sdk=iphoneos*]" = "iPhone Developer";
				COPY_PHASE_STRIP = NO;
				DEBUG_INFORMATION_FORMAT = dwarf;
				ENABLE_STRICT_OBJC_MSGSEND = YES;
				ENABLE_TESTABILITY = YES;
				GCC_C_LANGUAGE_STANDARD = gnu99;
				GCC_DYNAMIC_NO_PIC = NO;
				GCC_NO_COMMON_BLOCKS = YES;
				GCC_OPTIMIZATION_LEVEL = 0;
				GCC_PREPROCESSOR_DEFINITIONS = (
					"DEBUG=1",
					"$(inherited)",
				);
				GCC_WARN_64_TO_32_BIT_CONVERSION = YES;
				GCC_WARN_ABOUT_RETURN_TYPE = YES_ERROR;
				GCC_WARN_UNDECLARED_SELECTOR = YES;
				GCC_WARN_UNINITIALIZED_AUTOS = YES_AGGRESSIVE;
				GCC_WARN_UNUSED_FUNCTION = YES;
				GCC_WARN_UNUSED_VARIABLE = YES;
				IPHONEOS_DEPLOYMENT_TARGET = 9.2;
				MTL_ENABLE_DEBUG_INFO = YES;
				ONLY_ACTIVE_ARCH = YES;
				SDKROOT = iphoneos;
				SWIFT_OPTIMIZATION_LEVEL = "-Onone";
			};
			name = Debug;
		};
		C6DA0D3A1CA62CED00F425B3 /* Release */ = {
			isa = XCBuildConfiguration;
			buildSettings = {
				ALWAYS_SEARCH_USER_PATHS = NO;
				CLANG_CXX_LANGUAGE_STANDARD = "gnu++0x";
				CLANG_CXX_LIBRARY = "libc++";
				CLANG_ENABLE_MODULES = YES;
				CLANG_ENABLE_OBJC_ARC = YES;
				CLANG_WARN_BOOL_CONVERSION = YES;
				CLANG_WARN_CONSTANT_CONVERSION = YES;
				CLANG_WARN_DIRECT_OBJC_ISA_USAGE = YES_ERROR;
				CLANG_WARN_EMPTY_BODY = YES;
				CLANG_WARN_ENUM_CONVERSION = YES;
				CLANG_WARN_INT_CONVERSION = YES;
				CLANG_WARN_OBJC_ROOT_CLASS = YES_ERROR;
				CLANG_WARN_UNREACHABLE_CODE = YES;
				CLANG_WARN__DUPLICATE_METHOD_MATCH = YES;
				"CODE_SIGN_IDENTITY[sdk=iphoneos*]" = "iPhone Developer";
				COPY_PHASE_STRIP = NO;
				DEBUG_INFORMATION_FORMAT = "dwarf-with-dsym";
				ENABLE_NS_ASSERTIONS = NO;
				ENABLE_STRICT_OBJC_MSGSEND = YES;
				GCC_C_LANGUAGE_STANDARD = gnu99;
				GCC_NO_COMMON_BLOCKS = YES;
				GCC_WARN_64_TO_32_BIT_CONVERSION = YES;
				GCC_WARN_ABOUT_RETURN_TYPE = YES_ERROR;
				GCC_WARN_UNDECLARED_SELECTOR = YES;
				GCC_WARN_UNINITIALIZED_AUTOS = YES_AGGRESSIVE;
				GCC_WARN_UNUSED_FUNCTION = YES;
				GCC_WARN_UNUSED_VARIABLE = YES;
				IPHONEOS_DEPLOYMENT_TARGET = 9.2;
				MTL_ENABLE_DEBUG_INFO = NO;
				SDKROOT = iphoneos;
				VALIDATE_PRODUCT = YES;
			};
			name = Release;
		};
		C6DA0D3C1CA62CED00F425B3 /* Debug */ = {
			isa = XCBuildConfiguration;
			buildSettings = {
				ASSETCATALOG_COMPILER_APPICON_NAME = AppIcon;
				INFOPLIST_FILE = SitStay/Info.plist;
				IPHONEOS_DEPLOYMENT_TARGET = 9.0;
				LD_RUNPATH_SEARCH_PATHS = "$(inherited) @executable_path/Frameworks";
				PRODUCT_BUNDLE_IDENTIFIER = edu.missouri.cs.SitStay;
				PRODUCT_NAME = "$(TARGET_NAME)";
			};
			name = Debug;
		};
		C6DA0D3D1CA62CED00F425B3 /* Release */ = {
			isa = XCBuildConfiguration;
			buildSettings = {
				ASSETCATALOG_COMPILER_APPICON_NAME = AppIcon;
				INFOPLIST_FILE = SitStay/Info.plist;
				IPHONEOS_DEPLOYMENT_TARGET = 9.0;
				LD_RUNPATH_SEARCH_PATHS = "$(inherited) @executable_path/Frameworks";
				PRODUCT_BUNDLE_IDENTIFIER = edu.missouri.cs.SitStay;
				PRODUCT_NAME = "$(TARGET_NAME)";
			};
			name = Release;
		};
/* End XCBuildConfiguration section */

/* Begin XCConfigurationList section */
		C6DA0D211CA62CED00F425B3 /* Build configuration list for PBXProject "SitStay" */ = {
			isa = XCConfigurationList;
			buildConfigurations = (
				C6DA0D391CA62CED00F425B3 /* Debug */,
				C6DA0D3A1CA62CED00F425B3 /* Release */,
			);
			defaultConfigurationIsVisible = 0;
			defaultConfigurationName = Release;
		};
		C6DA0D3B1CA62CED00F425B3 /* Build configuration list for PBXNativeTarget "SitStay" */ = {
			isa = XCConfigurationList;
			buildConfigurations = (
				C6DA0D3C1CA62CED00F425B3 /* Debug */,
				C6DA0D3D1CA62CED00F425B3 /* Release */,
			);
			defaultConfigurationIsVisible = 0;
			defaultConfigurationName = Release;
		};
/* End XCConfigurationList section */

/* Begin XCVersionGroup section */
		C6DA0D301CA62CED00F425B3 /* SitStay.xcdatamodeld */ = {
			isa = XCVersionGroup;
			children = (
				C6DA0D311CA62CED00F425B3 /* SitStay.xcdatamodel */,
			);
			currentVersion = C6DA0D311CA62CED00F425B3 /* SitStay.xcdatamodel */;
			path = SitStay.xcdatamodeld;
			sourceTree = "<group>";
			versionGroupType = wrapper.xcdatamodel;
		};
/* End XCVersionGroup section */
	};
	rootObject = C6DA0D1E1CA62CED00F425B3 /* Project object */;
}
