// !$*UTF8*$!
{
	archiveVersion = 1;
	classes = {
	};
	objectVersion = 46;
	objects = {

/* Begin PBXBuildFile section */
		67111CC11CCD56330093C3B3 /* steve_cat.jpg in Resources */ = {isa = PBXBuildFile; fileRef = 67111CC01CCD56330093C3B3 /* steve_cat.jpg */; };
		6778C5A91CB6D099005FB205 /* Sitter.storyboard in Resources */ = {isa = PBXBuildFile; fileRef = 6778C5A81CB6D099005FB205 /* Sitter.storyboard */; };
		67B0594C1CC486BF00018A10 /* Owner_EditPhone.swift in Sources */ = {isa = PBXBuildFile; fileRef = 67B0594B1CC486BF00018A10 /* Owner_EditPhone.swift */; };
		67B0594E1CC486DA00018A10 /* Owner_EditEmail.swift in Sources */ = {isa = PBXBuildFile; fileRef = 67B0594D1CC486DA00018A10 /* Owner_EditEmail.swift */; };
		67E1750D1CC707EE003BA936 /* SitterToDoListTableViewCell.swift in Sources */ = {isa = PBXBuildFile; fileRef = 67E1750C1CC707EE003BA936 /* SitterToDoListTableViewCell.swift */; };
		67E1750F1CC70842003BA936 /* SitterToDoListTableViewController.swift in Sources */ = {isa = PBXBuildFile; fileRef = 67E1750E1CC70842003BA936 /* SitterToDoListTableViewController.swift */; };
		C63CA6CA1CC07FCE00FA1EFD /* NewTripOwnerController.swift in Sources */ = {isa = PBXBuildFile; fileRef = C63CA6C91CC07FCE00FA1EFD /* NewTripOwnerController.swift */; };
		C6593A571CC978EE007907A3 /* PetCheckCell.swift in Sources */ = {isa = PBXBuildFile; fileRef = C6593A561CC978EE007907A3 /* PetCheckCell.swift */; };
		C6593A591CC9C1BA007907A3 /* TripNameCell.swift in Sources */ = {isa = PBXBuildFile; fileRef = C6593A581CC9C1BA007907A3 /* TripNameCell.swift */; };
		C65B07501CBF3D5F00CDD408 /* chevron.jpg in Resources */ = {isa = PBXBuildFile; fileRef = C65B074F1CBF3D5F00CDD408 /* chevron.jpg */; };
		C66FF9C91CC7DEE9004140EC /* User+CoreDataProperties.swift in Sources */ = {isa = PBXBuildFile; fileRef = C66FF9C71CC7DEE9004140EC /* User+CoreDataProperties.swift */; };
		C66FF9CA1CC7DEE9004140EC /* User.swift in Sources */ = {isa = PBXBuildFile; fileRef = C66FF9C81CC7DEE9004140EC /* User.swift */; };
		C66FF9D71CC7F417004140EC /* Pet+CoreDataProperties.swift in Sources */ = {isa = PBXBuildFile; fileRef = C66FF9CB1CC7F417004140EC /* Pet+CoreDataProperties.swift */; };
		C66FF9D81CC7F417004140EC /* Pet.swift in Sources */ = {isa = PBXBuildFile; fileRef = C66FF9CC1CC7F417004140EC /* Pet.swift */; };
		C66FF9D91CC7F417004140EC /* Water+CoreDataProperties.swift in Sources */ = {isa = PBXBuildFile; fileRef = C66FF9CD1CC7F417004140EC /* Water+CoreDataProperties.swift */; };
		C66FF9DA1CC7F417004140EC /* Water.swift in Sources */ = {isa = PBXBuildFile; fileRef = C66FF9CE1CC7F417004140EC /* Water.swift */; };
		C66FF9DB1CC7F417004140EC /* Trip+CoreDataProperties.swift in Sources */ = {isa = PBXBuildFile; fileRef = C66FF9CF1CC7F417004140EC /* Trip+CoreDataProperties.swift */; };
		C66FF9DC1CC7F417004140EC /* Trip.swift in Sources */ = {isa = PBXBuildFile; fileRef = C66FF9D01CC7F417004140EC /* Trip.swift */; };
		C66FF9DD1CC7F417004140EC /* Medication+CoreDataProperties.swift in Sources */ = {isa = PBXBuildFile; fileRef = C66FF9D11CC7F417004140EC /* Medication+CoreDataProperties.swift */; };
		C66FF9DE1CC7F417004140EC /* Medication.swift in Sources */ = {isa = PBXBuildFile; fileRef = C66FF9D21CC7F417004140EC /* Medication.swift */; };
		C66FF9DF1CC7F417004140EC /* Food+CoreDataProperties.swift in Sources */ = {isa = PBXBuildFile; fileRef = C66FF9D31CC7F417004140EC /* Food+CoreDataProperties.swift */; };
		C66FF9E01CC7F417004140EC /* Food.swift in Sources */ = {isa = PBXBuildFile; fileRef = C66FF9D41CC7F417004140EC /* Food.swift */; };
		C66FF9E11CC7F417004140EC /* Exercise+CoreDataProperties.swift in Sources */ = {isa = PBXBuildFile; fileRef = C66FF9D51CC7F417004140EC /* Exercise+CoreDataProperties.swift */; };
		C66FF9E21CC7F417004140EC /* Exercise.swift in Sources */ = {isa = PBXBuildFile; fileRef = C66FF9D61CC7F417004140EC /* Exercise.swift */; };
		C6D73BFE1CB4B7DD001BC7F2 /* AddPetOwner.swift in Sources */ = {isa = PBXBuildFile; fileRef = C6D73BF31CB4B7DD001BC7F2 /* AddPetOwner.swift */; };
		C6D73BFF1CB4B7DD001BC7F2 /* CollectionViewCellOwner.swift in Sources */ = {isa = PBXBuildFile; fileRef = C6D73BF41CB4B7DD001BC7F2 /* CollectionViewCellOwner.swift */; };
		C6D73C021CB4B7DD001BC7F2 /* ExistingPetOwner.swift in Sources */ = {isa = PBXBuildFile; fileRef = C6D73BF71CB4B7DD001BC7F2 /* ExistingPetOwner.swift */; };
		C6D73C041CB4B7DD001BC7F2 /* CellSitter.swift in Sources */ = {isa = PBXBuildFile; fileRef = C6D73BF91CB4B7DD001BC7F2 /* CellSitter.swift */; };
		C6D73C051CB4B7DD001BC7F2 /* ContactInfoSitter.swift in Sources */ = {isa = PBXBuildFile; fileRef = C6D73BFA1CB4B7DD001BC7F2 /* ContactInfoSitter.swift */; };
		C6D73C061CB4B7DD001BC7F2 /* PetInfoSitter.swift in Sources */ = {isa = PBXBuildFile; fileRef = C6D73BFB1CB4B7DD001BC7F2 /* PetInfoSitter.swift */; };
		C6D73C071CB4B7DD001BC7F2 /* PetsSitter.swift in Sources */ = {isa = PBXBuildFile; fileRef = C6D73BFC1CB4B7DD001BC7F2 /* PetsSitter.swift */; };
		C6D84F7F1CC524990093D7A3 /* ViewTripSitter.swift in Sources */ = {isa = PBXBuildFile; fileRef = C6D84F7E1CC524990093D7A3 /* ViewTripSitter.swift */; };
		C6D9C2D51CC833F000A86097 /* DatePickerCell.swift in Sources */ = {isa = PBXBuildFile; fileRef = C6D9C2D41CC833F000A86097 /* DatePickerCell.swift */; };
		C6D9C2D71CC85C1400A86097 /* MapKit.framework in Frameworks */ = {isa = PBXBuildFile; fileRef = C6D9C2D61CC85C1400A86097 /* MapKit.framework */; };
		C6D9C2D91CC8669700A86097 /* MapCell.swift in Sources */ = {isa = PBXBuildFile; fileRef = C6D9C2D81CC8669700A86097 /* MapCell.swift */; };
		C6D9C2DB1CC9436400A86097 /* DateEntryCell.swift in Sources */ = {isa = PBXBuildFile; fileRef = C6D9C2DA1CC9436400A86097 /* DateEntryCell.swift */; };
		C6DA0D2A1CA62CED00F425B3 /* AppDelegate.swift in Sources */ = {isa = PBXBuildFile; fileRef = C6DA0D291CA62CED00F425B3 /* AppDelegate.swift */; };
		C6DA0D2C1CA62CED00F425B3 /* ViewController.swift in Sources */ = {isa = PBXBuildFile; fileRef = C6DA0D2B1CA62CED00F425B3 /* ViewController.swift */; };
		C6DA0D2F1CA62CED00F425B3 /* Main.storyboard in Resources */ = {isa = PBXBuildFile; fileRef = C6DA0D2D1CA62CED00F425B3 /* Main.storyboard */; };
		C6DA0D321CA62CED00F425B3 /* SitStay.xcdatamodeld in Sources */ = {isa = PBXBuildFile; fileRef = C6DA0D301CA62CED00F425B3 /* SitStay.xcdatamodeld */; };
		C6DA0D341CA62CED00F425B3 /* Assets.xcassets in Resources */ = {isa = PBXBuildFile; fileRef = C6DA0D331CA62CED00F425B3 /* Assets.xcassets */; };
		C6DA0D371CA62CED00F425B3 /* LaunchScreen.storyboard in Resources */ = {isa = PBXBuildFile; fileRef = C6DA0D351CA62CED00F425B3 /* LaunchScreen.storyboard */; };
		C6DA0D421CA6350400F425B3 /* add.png in Resources */ = {isa = PBXBuildFile; fileRef = C6DA0D411CA6350400F425B3 /* add.png */; };
		C6E6027D1CC4340F00D9865A /* ViewTripOwner.swift in Sources */ = {isa = PBXBuildFile; fileRef = C6E6027C1CC4340F00D9865A /* ViewTripOwner.swift */; };
		C6E6027F1CC434CF00D9865A /* SimpleCell.swift in Sources */ = {isa = PBXBuildFile; fileRef = C6E6027E1CC434CF00D9865A /* SimpleCell.swift */; };
		C6E602811CC435A600D9865A /* AddressCell.swift in Sources */ = {isa = PBXBuildFile; fileRef = C6E602801CC435A600D9865A /* AddressCell.swift */; };
		C6E727691CBC208700E7945B /* SettingsSitter.swift in Sources */ = {isa = PBXBuildFile; fileRef = C6E727681CBC208700E7945B /* SettingsSitter.swift */; };
		C6E7276B1CBC216E00E7945B /* NavControllerPetsOwner.swift in Sources */ = {isa = PBXBuildFile; fileRef = C6E7276A1CBC216E00E7945B /* NavControllerPetsOwner.swift */; };
		C6E7276D1CBC21FA00E7945B /* NavControllerPetsSitter.swift in Sources */ = {isa = PBXBuildFile; fileRef = C6E7276C1CBC21FA00E7945B /* NavControllerPetsSitter.swift */; };
		C6E7276F1CBC24F800E7945B /* TabBarControllerOwner.swift in Sources */ = {isa = PBXBuildFile; fileRef = C6E7276E1CBC24F800E7945B /* TabBarControllerOwner.swift */; };
		C6E727711CBC251F00E7945B /* TabBarControllerSitter.swift in Sources */ = {isa = PBXBuildFile; fileRef = C6E727701CBC251F00E7945B /* TabBarControllerSitter.swift */; };
		C6FAB3F91CB5F1D300A331AD /* PetTabOwner.swift in Sources */ = {isa = PBXBuildFile; fileRef = C6FAB3F81CB5F1D300A331AD /* PetTabOwner.swift */; };
		C6FAB3FF1CB723E100A331AD /* TripTabOwnerMain.swift in Sources */ = {isa = PBXBuildFile; fileRef = C6FAB3FE1CB723E100A331AD /* TripTabOwnerMain.swift */; };
		C6FAB4051CB7325B00A331AD /* TripTabSitterMain.swift in Sources */ = {isa = PBXBuildFile; fileRef = C6FAB4041CB7325B00A331AD /* TripTabSitterMain.swift */; };
		C6FAB4071CBBFE6900A331AD /* SettingsOwner.swift in Sources */ = {isa = PBXBuildFile; fileRef = C6FAB4061CBBFE6900A331AD /* SettingsOwner.swift */; };
		C6FAB4331CBC05DF00A331AD /* cat head.png in Resources */ = {isa = PBXBuildFile; fileRef = C6FAB4091CBC05DF00A331AD /* cat head.png */; };
		C6FAB4341CBC05DF00A331AD /* cat profile.jpg in Resources */ = {isa = PBXBuildFile; fileRef = C6FAB40A1CBC05DF00A331AD /* cat profile.jpg */; };
		C6FAB4351CBC05DF00A331AD /* cat profile.png in Resources */ = {isa = PBXBuildFile; fileRef = C6FAB40B1CBC05DF00A331AD /* cat profile.png */; };
		C6FAB4361CBC05DF00A331AD /* dog head.png in Resources */ = {isa = PBXBuildFile; fileRef = C6FAB40C1CBC05DF00A331AD /* dog head.png */; };
		C6FAB4371CBC05DF00A331AD /* dog profile.png in Resources */ = {isa = PBXBuildFile; fileRef = C6FAB40D1CBC05DF00A331AD /* dog profile.png */; };
		C6FAB4381CBC05DF00A331AD /* exercise icon.png in Resources */ = {isa = PBXBuildFile; fileRef = C6FAB40E1CBC05DF00A331AD /* exercise icon.png */; };
		C6FAB4391CBC05DF00A331AD /* exercise icon1.ai in Resources */ = {isa = PBXBuildFile; fileRef = C6FAB40F1CBC05DF00A331AD /* exercise icon1.ai */; };
		C6FAB43A1CBC05DF00A331AD /* exercise icon1.png in Resources */ = {isa = PBXBuildFile; fileRef = C6FAB4101CBC05DF00A331AD /* exercise icon1.png */; };
		C6FAB43B1CBC05DF00A331AD /* Food icon.png in Resources */ = {isa = PBXBuildFile; fileRef = C6FAB4111CBC05DF00A331AD /* Food icon.png */; };
		C6FAB43C1CBC05DF00A331AD /* food icon1.ai in Resources */ = {isa = PBXBuildFile; fileRef = C6FAB4121CBC05DF00A331AD /* food icon1.ai */; };
		C6FAB43D1CBC05DF00A331AD /* food icon1.png in Resources */ = {isa = PBXBuildFile; fileRef = C6FAB4131CBC05DF00A331AD /* food icon1.png */; };
		C6FAB43E1CBC05DF00A331AD /* Logo1.png in Resources */ = {isa = PBXBuildFile; fileRef = C6FAB4141CBC05DF00A331AD /* Logo1.png */; };
		C6FAB43F1CBC05DF00A331AD /* Logo2.png in Resources */ = {isa = PBXBuildFile; fileRef = C6FAB4151CBC05DF00A331AD /* Logo2.png */; };
		C6FAB4401CBC05DF00A331AD /* Logo3.png in Resources */ = {isa = PBXBuildFile; fileRef = C6FAB4161CBC05DF00A331AD /* Logo3.png */; };
		C6FAB4411CBC05DF00A331AD /* Logo4.ai in Resources */ = {isa = PBXBuildFile; fileRef = C6FAB4171CBC05DF00A331AD /* Logo4.ai */; };
		C6FAB4421CBC05DF00A331AD /* Logo4.png in Resources */ = {isa = PBXBuildFile; fileRef = C6FAB4181CBC05DF00A331AD /* Logo4.png */; };
		C6FAB4431CBC05DF00A331AD /* Logo5.png in Resources */ = {isa = PBXBuildFile; fileRef = C6FAB4191CBC05DF00A331AD /* Logo5.png */; };
		C6FAB4441CBC05DF00A331AD /* Logo_.ai in Resources */ = {isa = PBXBuildFile; fileRef = C6FAB41A1CBC05DF00A331AD /* Logo_.ai */; };
		C6FAB4451CBC05DF00A331AD /* meds icon.png in Resources */ = {isa = PBXBuildFile; fileRef = C6FAB41B1CBC05DF00A331AD /* meds icon.png */; };
		C6FAB4461CBC05DF00A331AD /* meds icon1.ai in Resources */ = {isa = PBXBuildFile; fileRef = C6FAB41C1CBC05DF00A331AD /* meds icon1.ai */; };
		C6FAB4471CBC05DF00A331AD /* meds icon1.png in Resources */ = {isa = PBXBuildFile; fileRef = C6FAB41D1CBC05DF00A331AD /* meds icon1.png */; };
		C6FAB4481CBC05DF00A331AD /* other icon.png in Resources */ = {isa = PBXBuildFile; fileRef = C6FAB41E1CBC05DF00A331AD /* other icon.png */; };
		C6FAB4491CBC05DF00A331AD /* other icon1.ai in Resources */ = {isa = PBXBuildFile; fileRef = C6FAB41F1CBC05DF00A331AD /* other icon1.ai */; };
		C6FAB44A1CBC05DF00A331AD /* other icon1.png in Resources */ = {isa = PBXBuildFile; fileRef = C6FAB4201CBC05DF00A331AD /* other icon1.png */; };
		C6FAB44B1CBC05DF00A331AD /* Pets icon active.ai in Resources */ = {isa = PBXBuildFile; fileRef = C6FAB4211CBC05DF00A331AD /* Pets icon active.ai */; };
		C6FAB44C1CBC05DF00A331AD /* Pets icon.ai in Resources */ = {isa = PBXBuildFile; fileRef = C6FAB4221CBC05DF00A331AD /* Pets icon.ai */; };
		C6FAB44D1CBC05DF00A331AD /* Plain.ai in Resources */ = {isa = PBXBuildFile; fileRef = C6FAB4231CBC05DF00A331AD /* Plain.ai */; };
		C6FAB44E1CBC05DF00A331AD /* To Do icon active.ai in Resources */ = {isa = PBXBuildFile; fileRef = C6FAB4241CBC05DF00A331AD /* To Do icon active.ai */; };
		C6FAB44F1CBC05DF00A331AD /* To Do icon.ai in Resources */ = {isa = PBXBuildFile; fileRef = C6FAB4251CBC05DF00A331AD /* To Do icon.ai */; };
		C6FAB4501CBC05DF00A331AD /* to do icon.png in Resources */ = {isa = PBXBuildFile; fileRef = C6FAB4261CBC05DF00A331AD /* to do icon.png */; };
		C6FAB4511CBC05DF00A331AD /* To Do screen.ai in Resources */ = {isa = PBXBuildFile; fileRef = C6FAB4271CBC05DF00A331AD /* To Do screen.ai */; };
		C6FAB4521CBC05DF00A331AD /* TOOLBAR.ai in Resources */ = {isa = PBXBuildFile; fileRef = C6FAB4281CBC05DF00A331AD /* TOOLBAR.ai */; };
		C6FAB4531CBC05DF00A331AD /* Trips Icon active.ai in Resources */ = {isa = PBXBuildFile; fileRef = C6FAB4291CBC05DF00A331AD /* Trips Icon active.ai */; };
		C6FAB4541CBC05DF00A331AD /* Trips Icon.ai in Resources */ = {isa = PBXBuildFile; fileRef = C6FAB42A1CBC05DF00A331AD /* Trips Icon.ai */; };
		C6FAB4551CBC05DF00A331AD /* trips1.png in Resources */ = {isa = PBXBuildFile; fileRef = C6FAB42B1CBC05DF00A331AD /* trips1.png */; };
		C6FAB4561CBC05DF00A331AD /* trips2.ai in Resources */ = {isa = PBXBuildFile; fileRef = C6FAB42C1CBC05DF00A331AD /* trips2.ai */; };
		C6FAB4571CBC05DF00A331AD /* Untitled-5.png in Resources */ = {isa = PBXBuildFile; fileRef = C6FAB42D1CBC05DF00A331AD /* Untitled-5.png */; };
		C6FAB4581CBC05DF00A331AD /* Untitled-6.png in Resources */ = {isa = PBXBuildFile; fileRef = C6FAB42E1CBC05DF00A331AD /* Untitled-6.png */; };
		C6FAB4591CBC05DF00A331AD /* Untitled-7.png in Resources */ = {isa = PBXBuildFile; fileRef = C6FAB42F1CBC05DF00A331AD /* Untitled-7.png */; };
		C6FAB45A1CBC05DF00A331AD /* water icon.png in Resources */ = {isa = PBXBuildFile; fileRef = C6FAB4301CBC05DF00A331AD /* water icon.png */; };
		C6FAB45B1CBC05DF00A331AD /* water icon1.ai in Resources */ = {isa = PBXBuildFile; fileRef = C6FAB4311CBC05DF00A331AD /* water icon1.ai */; };
		C6FAB45C1CBC05DF00A331AD /* water icon1.png in Resources */ = {isa = PBXBuildFile; fileRef = C6FAB4321CBC05DF00A331AD /* water icon1.png */; };
		C6FAB45E1CBC076600A331AD /* TripCell.swift in Sources */ = {isa = PBXBuildFile; fileRef = C6FAB45D1CBC076600A331AD /* TripCell.swift */; };
/* End PBXBuildFile section */

/* Begin PBXFileReference section */
		67111CC01CCD56330093C3B3 /* steve_cat.jpg */ = {isa = PBXFileReference; lastKnownFileType = image.jpeg; name = steve_cat.jpg; path = ../../../../Desktop/steve_cat.jpg; sourceTree = "<group>"; };
		6778C5A81CB6D099005FB205 /* Sitter.storyboard */ = {isa = PBXFileReference; fileEncoding = 4; lastKnownFileType = file.storyboard; path = Sitter.storyboard; sourceTree = "<group>"; };
		67B0594B1CC486BF00018A10 /* Owner_EditPhone.swift */ = {isa = PBXFileReference; fileEncoding = 4; lastKnownFileType = sourcecode.swift; path = Owner_EditPhone.swift; sourceTree = "<group>"; };
		67B0594D1CC486DA00018A10 /* Owner_EditEmail.swift */ = {isa = PBXFileReference; fileEncoding = 4; lastKnownFileType = sourcecode.swift; name = Owner_EditEmail.swift; path = ../Owner_EditEmail.swift; sourceTree = "<group>"; };
		67E1750C1CC707EE003BA936 /* SitterToDoListTableViewCell.swift */ = {isa = PBXFileReference; fileEncoding = 4; lastKnownFileType = sourcecode.swift; path = SitterToDoListTableViewCell.swift; sourceTree = "<group>"; };
		67E1750E1CC70842003BA936 /* SitterToDoListTableViewController.swift */ = {isa = PBXFileReference; fileEncoding = 4; lastKnownFileType = sourcecode.swift; path = SitterToDoListTableViewController.swift; sourceTree = "<group>"; };
		C63CA6C91CC07FCE00FA1EFD /* NewTripOwnerController.swift */ = {isa = PBXFileReference; fileEncoding = 4; lastKnownFileType = sourcecode.swift; path = NewTripOwnerController.swift; sourceTree = "<group>"; };
		C6593A561CC978EE007907A3 /* PetCheckCell.swift */ = {isa = PBXFileReference; fileEncoding = 4; lastKnownFileType = sourcecode.swift; path = PetCheckCell.swift; sourceTree = "<group>"; };
		C6593A581CC9C1BA007907A3 /* TripNameCell.swift */ = {isa = PBXFileReference; fileEncoding = 4; lastKnownFileType = sourcecode.swift; path = TripNameCell.swift; sourceTree = "<group>"; };
		C65B074F1CBF3D5F00CDD408 /* chevron.jpg */ = {isa = PBXFileReference; lastKnownFileType = image.jpeg; path = chevron.jpg; sourceTree = "<group>"; };
		C66FF9C71CC7DEE9004140EC /* User+CoreDataProperties.swift */ = {isa = PBXFileReference; fileEncoding = 4; lastKnownFileType = sourcecode.swift; path = "User+CoreDataProperties.swift"; sourceTree = "<group>"; };
		C66FF9C81CC7DEE9004140EC /* User.swift */ = {isa = PBXFileReference; fileEncoding = 4; lastKnownFileType = sourcecode.swift; path = User.swift; sourceTree = "<group>"; };
		C66FF9CB1CC7F417004140EC /* Pet+CoreDataProperties.swift */ = {isa = PBXFileReference; fileEncoding = 4; lastKnownFileType = sourcecode.swift; path = "Pet+CoreDataProperties.swift"; sourceTree = "<group>"; };
		C66FF9CC1CC7F417004140EC /* Pet.swift */ = {isa = PBXFileReference; fileEncoding = 4; lastKnownFileType = sourcecode.swift; path = Pet.swift; sourceTree = "<group>"; };
		C66FF9CD1CC7F417004140EC /* Water+CoreDataProperties.swift */ = {isa = PBXFileReference; fileEncoding = 4; lastKnownFileType = sourcecode.swift; path = "Water+CoreDataProperties.swift"; sourceTree = "<group>"; };
		C66FF9CE1CC7F417004140EC /* Water.swift */ = {isa = PBXFileReference; fileEncoding = 4; lastKnownFileType = sourcecode.swift; path = Water.swift; sourceTree = "<group>"; };
		C66FF9CF1CC7F417004140EC /* Trip+CoreDataProperties.swift */ = {isa = PBXFileReference; fileEncoding = 4; lastKnownFileType = sourcecode.swift; path = "Trip+CoreDataProperties.swift"; sourceTree = "<group>"; };
		C66FF9D01CC7F417004140EC /* Trip.swift */ = {isa = PBXFileReference; fileEncoding = 4; lastKnownFileType = sourcecode.swift; path = Trip.swift; sourceTree = "<group>"; };
		C66FF9D11CC7F417004140EC /* Medication+CoreDataProperties.swift */ = {isa = PBXFileReference; fileEncoding = 4; lastKnownFileType = sourcecode.swift; path = "Medication+CoreDataProperties.swift"; sourceTree = "<group>"; };
		C66FF9D21CC7F417004140EC /* Medication.swift */ = {isa = PBXFileReference; fileEncoding = 4; lastKnownFileType = sourcecode.swift; path = Medication.swift; sourceTree = "<group>"; };
		C66FF9D31CC7F417004140EC /* Food+CoreDataProperties.swift */ = {isa = PBXFileReference; fileEncoding = 4; lastKnownFileType = sourcecode.swift; path = "Food+CoreDataProperties.swift"; sourceTree = "<group>"; };
		C66FF9D41CC7F417004140EC /* Food.swift */ = {isa = PBXFileReference; fileEncoding = 4; lastKnownFileType = sourcecode.swift; path = Food.swift; sourceTree = "<group>"; };
		C66FF9D51CC7F417004140EC /* Exercise+CoreDataProperties.swift */ = {isa = PBXFileReference; fileEncoding = 4; lastKnownFileType = sourcecode.swift; path = "Exercise+CoreDataProperties.swift"; sourceTree = "<group>"; };
		C66FF9D61CC7F417004140EC /* Exercise.swift */ = {isa = PBXFileReference; fileEncoding = 4; lastKnownFileType = sourcecode.swift; path = Exercise.swift; sourceTree = "<group>"; };
		C6D73BF31CB4B7DD001BC7F2 /* AddPetOwner.swift */ = {isa = PBXFileReference; fileEncoding = 4; lastKnownFileType = sourcecode.swift; path = AddPetOwner.swift; sourceTree = "<group>"; };
		C6D73BF41CB4B7DD001BC7F2 /* CollectionViewCellOwner.swift */ = {isa = PBXFileReference; fileEncoding = 4; lastKnownFileType = sourcecode.swift; path = CollectionViewCellOwner.swift; sourceTree = "<group>"; };
		C6D73BF71CB4B7DD001BC7F2 /* ExistingPetOwner.swift */ = {isa = PBXFileReference; fileEncoding = 4; lastKnownFileType = sourcecode.swift; path = ExistingPetOwner.swift; sourceTree = "<group>"; };
		C6D73BF91CB4B7DD001BC7F2 /* CellSitter.swift */ = {isa = PBXFileReference; fileEncoding = 4; lastKnownFileType = sourcecode.swift; path = CellSitter.swift; sourceTree = "<group>"; };
		C6D73BFA1CB4B7DD001BC7F2 /* ContactInfoSitter.swift */ = {isa = PBXFileReference; fileEncoding = 4; lastKnownFileType = sourcecode.swift; path = ContactInfoSitter.swift; sourceTree = "<group>"; };
		C6D73BFB1CB4B7DD001BC7F2 /* PetInfoSitter.swift */ = {isa = PBXFileReference; fileEncoding = 4; lastKnownFileType = sourcecode.swift; path = PetInfoSitter.swift; sourceTree = "<group>"; };
		C6D73BFC1CB4B7DD001BC7F2 /* PetsSitter.swift */ = {isa = PBXFileReference; fileEncoding = 4; lastKnownFileType = sourcecode.swift; path = PetsSitter.swift; sourceTree = "<group>"; };
		C6D84F7E1CC524990093D7A3 /* ViewTripSitter.swift */ = {isa = PBXFileReference; fileEncoding = 4; lastKnownFileType = sourcecode.swift; path = ViewTripSitter.swift; sourceTree = "<group>"; };
		C6D9C2D41CC833F000A86097 /* DatePickerCell.swift */ = {isa = PBXFileReference; fileEncoding = 4; lastKnownFileType = sourcecode.swift; path = DatePickerCell.swift; sourceTree = "<group>"; };
		C6D9C2D61CC85C1400A86097 /* MapKit.framework */ = {isa = PBXFileReference; lastKnownFileType = wrapper.framework; name = MapKit.framework; path = System/Library/Frameworks/MapKit.framework; sourceTree = SDKROOT; };
		C6D9C2D81CC8669700A86097 /* MapCell.swift */ = {isa = PBXFileReference; fileEncoding = 4; lastKnownFileType = sourcecode.swift; path = MapCell.swift; sourceTree = "<group>"; };
		C6D9C2DA1CC9436400A86097 /* DateEntryCell.swift */ = {isa = PBXFileReference; fileEncoding = 4; lastKnownFileType = sourcecode.swift; path = DateEntryCell.swift; sourceTree = "<group>"; };
		C6DA0D261CA62CED00F425B3 /* SitStay.app */ = {isa = PBXFileReference; explicitFileType = wrapper.application; includeInIndex = 0; path = SitStay.app; sourceTree = BUILT_PRODUCTS_DIR; };
		C6DA0D291CA62CED00F425B3 /* AppDelegate.swift */ = {isa = PBXFileReference; lastKnownFileType = sourcecode.swift; path = AppDelegate.swift; sourceTree = "<group>"; };
		C6DA0D2B1CA62CED00F425B3 /* ViewController.swift */ = {isa = PBXFileReference; lastKnownFileType = sourcecode.swift; path = ViewController.swift; sourceTree = "<group>"; };
		C6DA0D2E1CA62CED00F425B3 /* Base */ = {isa = PBXFileReference; lastKnownFileType = file.storyboard; name = Base; path = Base.lproj/Main.storyboard; sourceTree = "<group>"; };
		C6DA0D311CA62CED00F425B3 /* SitStay.xcdatamodel */ = {isa = PBXFileReference; lastKnownFileType = wrapper.xcdatamodel; path = SitStay.xcdatamodel; sourceTree = "<group>"; };
		C6DA0D331CA62CED00F425B3 /* Assets.xcassets */ = {isa = PBXFileReference; lastKnownFileType = folder.assetcatalog; path = Assets.xcassets; sourceTree = "<group>"; };
		C6DA0D361CA62CED00F425B3 /* Base */ = {isa = PBXFileReference; lastKnownFileType = file.storyboard; name = Base; path = Base.lproj/LaunchScreen.storyboard; sourceTree = "<group>"; };
		C6DA0D381CA62CED00F425B3 /* Info.plist */ = {isa = PBXFileReference; lastKnownFileType = text.plist.xml; path = Info.plist; sourceTree = "<group>"; };
		C6DA0D411CA6350400F425B3 /* add.png */ = {isa = PBXFileReference; lastKnownFileType = image.png; path = add.png; sourceTree = "<group>"; };
		C6E6027C1CC4340F00D9865A /* ViewTripOwner.swift */ = {isa = PBXFileReference; fileEncoding = 4; lastKnownFileType = sourcecode.swift; path = ViewTripOwner.swift; sourceTree = "<group>"; };
		C6E6027E1CC434CF00D9865A /* SimpleCell.swift */ = {isa = PBXFileReference; fileEncoding = 4; lastKnownFileType = sourcecode.swift; path = SimpleCell.swift; sourceTree = "<group>"; };
		C6E602801CC435A600D9865A /* AddressCell.swift */ = {isa = PBXFileReference; fileEncoding = 4; lastKnownFileType = sourcecode.swift; path = AddressCell.swift; sourceTree = "<group>"; };
		C6E727681CBC208700E7945B /* SettingsSitter.swift */ = {isa = PBXFileReference; fileEncoding = 4; lastKnownFileType = sourcecode.swift; path = SettingsSitter.swift; sourceTree = "<group>"; };
		C6E7276A1CBC216E00E7945B /* NavControllerPetsOwner.swift */ = {isa = PBXFileReference; fileEncoding = 4; lastKnownFileType = sourcecode.swift; path = NavControllerPetsOwner.swift; sourceTree = "<group>"; };
		C6E7276C1CBC21FA00E7945B /* NavControllerPetsSitter.swift */ = {isa = PBXFileReference; fileEncoding = 4; lastKnownFileType = sourcecode.swift; path = NavControllerPetsSitter.swift; sourceTree = "<group>"; };
		C6E7276E1CBC24F800E7945B /* TabBarControllerOwner.swift */ = {isa = PBXFileReference; fileEncoding = 4; lastKnownFileType = sourcecode.swift; path = TabBarControllerOwner.swift; sourceTree = "<group>"; };
		C6E727701CBC251F00E7945B /* TabBarControllerSitter.swift */ = {isa = PBXFileReference; fileEncoding = 4; lastKnownFileType = sourcecode.swift; path = TabBarControllerSitter.swift; sourceTree = "<group>"; };
		C6FAB3F81CB5F1D300A331AD /* PetTabOwner.swift */ = {isa = PBXFileReference; fileEncoding = 4; lastKnownFileType = sourcecode.swift; path = PetTabOwner.swift; sourceTree = "<group>"; };
		C6FAB3FE1CB723E100A331AD /* TripTabOwnerMain.swift */ = {isa = PBXFileReference; fileEncoding = 4; lastKnownFileType = sourcecode.swift; path = TripTabOwnerMain.swift; sourceTree = "<group>"; };
		C6FAB4041CB7325B00A331AD /* TripTabSitterMain.swift */ = {isa = PBXFileReference; fileEncoding = 4; lastKnownFileType = sourcecode.swift; path = TripTabSitterMain.swift; sourceTree = "<group>"; };
		C6FAB4061CBBFE6900A331AD /* SettingsOwner.swift */ = {isa = PBXFileReference; fileEncoding = 4; lastKnownFileType = sourcecode.swift; path = SettingsOwner.swift; sourceTree = "<group>"; };
		C6FAB4091CBC05DF00A331AD /* cat head.png */ = {isa = PBXFileReference; lastKnownFileType = image.png; path = "cat head.png"; sourceTree = "<group>"; };
		C6FAB40A1CBC05DF00A331AD /* cat profile.jpg */ = {isa = PBXFileReference; lastKnownFileType = image.jpeg; path = "cat profile.jpg"; sourceTree = "<group>"; };
		C6FAB40B1CBC05DF00A331AD /* cat profile.png */ = {isa = PBXFileReference; lastKnownFileType = image.png; path = "cat profile.png"; sourceTree = "<group>"; };
		C6FAB40C1CBC05DF00A331AD /* dog head.png */ = {isa = PBXFileReference; lastKnownFileType = image.png; path = "dog head.png"; sourceTree = "<group>"; };
		C6FAB40D1CBC05DF00A331AD /* dog profile.png */ = {isa = PBXFileReference; lastKnownFileType = image.png; path = "dog profile.png"; sourceTree = "<group>"; };
		C6FAB40E1CBC05DF00A331AD /* exercise icon.png */ = {isa = PBXFileReference; lastKnownFileType = image.png; path = "exercise icon.png"; sourceTree = "<group>"; };
		C6FAB40F1CBC05DF00A331AD /* exercise icon1.ai */ = {isa = PBXFileReference; fileEncoding = 4; lastKnownFileType = text; path = "exercise icon1.ai"; sourceTree = "<group>"; };
		C6FAB4101CBC05DF00A331AD /* exercise icon1.png */ = {isa = PBXFileReference; lastKnownFileType = image.png; path = "exercise icon1.png"; sourceTree = "<group>"; };
		C6FAB4111CBC05DF00A331AD /* Food icon.png */ = {isa = PBXFileReference; lastKnownFileType = image.png; path = "Food icon.png"; sourceTree = "<group>"; };
		C6FAB4121CBC05DF00A331AD /* food icon1.ai */ = {isa = PBXFileReference; fileEncoding = 4; lastKnownFileType = text; path = "food icon1.ai"; sourceTree = "<group>"; };
		C6FAB4131CBC05DF00A331AD /* food icon1.png */ = {isa = PBXFileReference; lastKnownFileType = image.png; path = "food icon1.png"; sourceTree = "<group>"; };
		C6FAB4141CBC05DF00A331AD /* Logo1.png */ = {isa = PBXFileReference; lastKnownFileType = image.png; path = Logo1.png; sourceTree = "<group>"; };
		C6FAB4151CBC05DF00A331AD /* Logo2.png */ = {isa = PBXFileReference; lastKnownFileType = image.png; path = Logo2.png; sourceTree = "<group>"; };
		C6FAB4161CBC05DF00A331AD /* Logo3.png */ = {isa = PBXFileReference; lastKnownFileType = image.png; path = Logo3.png; sourceTree = "<group>"; };
		C6FAB4171CBC05DF00A331AD /* Logo4.ai */ = {isa = PBXFileReference; fileEncoding = 4; lastKnownFileType = text; path = Logo4.ai; sourceTree = "<group>"; };
		C6FAB4181CBC05DF00A331AD /* Logo4.png */ = {isa = PBXFileReference; lastKnownFileType = image.png; path = Logo4.png; sourceTree = "<group>"; };
		C6FAB4191CBC05DF00A331AD /* Logo5.png */ = {isa = PBXFileReference; lastKnownFileType = image.png; path = Logo5.png; sourceTree = "<group>"; };
		C6FAB41A1CBC05DF00A331AD /* Logo_.ai */ = {isa = PBXFileReference; fileEncoding = 4; lastKnownFileType = text; path = Logo_.ai; sourceTree = "<group>"; };
		C6FAB41B1CBC05DF00A331AD /* meds icon.png */ = {isa = PBXFileReference; lastKnownFileType = image.png; path = "meds icon.png"; sourceTree = "<group>"; };
		C6FAB41C1CBC05DF00A331AD /* meds icon1.ai */ = {isa = PBXFileReference; fileEncoding = 4; lastKnownFileType = text; path = "meds icon1.ai"; sourceTree = "<group>"; };
		C6FAB41D1CBC05DF00A331AD /* meds icon1.png */ = {isa = PBXFileReference; lastKnownFileType = image.png; path = "meds icon1.png"; sourceTree = "<group>"; };
		C6FAB41E1CBC05DF00A331AD /* other icon.png */ = {isa = PBXFileReference; lastKnownFileType = image.png; path = "other icon.png"; sourceTree = "<group>"; };
		C6FAB41F1CBC05DF00A331AD /* other icon1.ai */ = {isa = PBXFileReference; fileEncoding = 4; lastKnownFileType = text; path = "other icon1.ai"; sourceTree = "<group>"; };
		C6FAB4201CBC05DF00A331AD /* other icon1.png */ = {isa = PBXFileReference; lastKnownFileType = image.png; path = "other icon1.png"; sourceTree = "<group>"; };
		C6FAB4211CBC05DF00A331AD /* Pets icon active.ai */ = {isa = PBXFileReference; fileEncoding = 4; lastKnownFileType = text; path = "Pets icon active.ai"; sourceTree = "<group>"; };
		C6FAB4221CBC05DF00A331AD /* Pets icon.ai */ = {isa = PBXFileReference; fileEncoding = 4; lastKnownFileType = text; path = "Pets icon.ai"; sourceTree = "<group>"; };
		C6FAB4231CBC05DF00A331AD /* Plain.ai */ = {isa = PBXFileReference; fileEncoding = 4; lastKnownFileType = text; path = Plain.ai; sourceTree = "<group>"; };
		C6FAB4241CBC05DF00A331AD /* To Do icon active.ai */ = {isa = PBXFileReference; fileEncoding = 4; lastKnownFileType = text; path = "To Do icon active.ai"; sourceTree = "<group>"; };
		C6FAB4251CBC05DF00A331AD /* To Do icon.ai */ = {isa = PBXFileReference; fileEncoding = 4; lastKnownFileType = text; path = "To Do icon.ai"; sourceTree = "<group>"; };
		C6FAB4261CBC05DF00A331AD /* to do icon.png */ = {isa = PBXFileReference; lastKnownFileType = image.png; path = "to do icon.png"; sourceTree = "<group>"; };
		C6FAB4271CBC05DF00A331AD /* To Do screen.ai */ = {isa = PBXFileReference; fileEncoding = 4; lastKnownFileType = text; path = "To Do screen.ai"; sourceTree = "<group>"; };
		C6FAB4281CBC05DF00A331AD /* TOOLBAR.ai */ = {isa = PBXFileReference; explicitFileType = image.jpeg; fileEncoding = 4; path = TOOLBAR.ai; sourceTree = "<group>"; };
		C6FAB4291CBC05DF00A331AD /* Trips Icon active.ai */ = {isa = PBXFileReference; fileEncoding = 4; lastKnownFileType = text; path = "Trips Icon active.ai"; sourceTree = "<group>"; };
		C6FAB42A1CBC05DF00A331AD /* Trips Icon.ai */ = {isa = PBXFileReference; fileEncoding = 4; lastKnownFileType = text; path = "Trips Icon.ai"; sourceTree = "<group>"; };
		C6FAB42B1CBC05DF00A331AD /* trips1.png */ = {isa = PBXFileReference; lastKnownFileType = image.png; path = trips1.png; sourceTree = "<group>"; };
		C6FAB42C1CBC05DF00A331AD /* trips2.ai */ = {isa = PBXFileReference; fileEncoding = 4; lastKnownFileType = text; path = trips2.ai; sourceTree = "<group>"; };
		C6FAB42D1CBC05DF00A331AD /* Untitled-5.png */ = {isa = PBXFileReference; lastKnownFileType = image.png; path = "Untitled-5.png"; sourceTree = "<group>"; };
		C6FAB42E1CBC05DF00A331AD /* Untitled-6.png */ = {isa = PBXFileReference; lastKnownFileType = image.png; path = "Untitled-6.png"; sourceTree = "<group>"; };
		C6FAB42F1CBC05DF00A331AD /* Untitled-7.png */ = {isa = PBXFileReference; lastKnownFileType = image.png; path = "Untitled-7.png"; sourceTree = "<group>"; };
		C6FAB4301CBC05DF00A331AD /* water icon.png */ = {isa = PBXFileReference; lastKnownFileType = image.png; path = "water icon.png"; sourceTree = "<group>"; };
		C6FAB4311CBC05DF00A331AD /* water icon1.ai */ = {isa = PBXFileReference; fileEncoding = 4; lastKnownFileType = text; path = "water icon1.ai"; sourceTree = "<group>"; };
		C6FAB4321CBC05DF00A331AD /* water icon1.png */ = {isa = PBXFileReference; lastKnownFileType = image.png; path = "water icon1.png"; sourceTree = "<group>"; };
		C6FAB45D1CBC076600A331AD /* TripCell.swift */ = {isa = PBXFileReference; fileEncoding = 4; lastKnownFileType = sourcecode.swift; path = TripCell.swift; sourceTree = "<group>"; };
/* End PBXFileReference section */

/* Begin PBXFrameworksBuildPhase section */
		C6DA0D231CA62CED00F425B3 /* Frameworks */ = {
			isa = PBXFrameworksBuildPhase;
			buildActionMask = 2147483647;
			files = (
				C6D9C2D71CC85C1400A86097 /* MapKit.framework in Frameworks */,
			);
			runOnlyForDeploymentPostprocessing = 0;
		};
/* End PBXFrameworksBuildPhase section */

/* Begin PBXGroup section */
		C6D73C091CB4BA05001BC7F2 /* Views */ = {
			isa = PBXGroup;
			children = (
				C6DA0D2D1CA62CED00F425B3 /* Main.storyboard */,
				C6DA0D351CA62CED00F425B3 /* LaunchScreen.storyboard */,
				6778C5A81CB6D099005FB205 /* Sitter.storyboard */,
			);
			name = Views;
			sourceTree = "<group>";
		};
		C6D73C0A1CB4BA1D001BC7F2 /* Controllers */ = {
			isa = PBXGroup;
			children = (
				67E1750E1CC70842003BA936 /* SitterToDoListTableViewController.swift */,
				C6D73BF31CB4B7DD001BC7F2 /* AddPetOwner.swift */,
				C6D73BF41CB4B7DD001BC7F2 /* CollectionViewCellOwner.swift */,
				C6D73BF71CB4B7DD001BC7F2 /* ExistingPetOwner.swift */,
				C6D73BFB1CB4B7DD001BC7F2 /* PetInfoSitter.swift */,
				C6FAB3F81CB5F1D300A331AD /* PetTabOwner.swift */,
				C6D73BFC1CB4B7DD001BC7F2 /* PetsSitter.swift */,
				C6D73BF91CB4B7DD001BC7F2 /* CellSitter.swift */,
				C6D73BFA1CB4B7DD001BC7F2 /* ContactInfoSitter.swift */,
				C6DA0D2B1CA62CED00F425B3 /* ViewController.swift */,
				C6FAB3FE1CB723E100A331AD /* TripTabOwnerMain.swift */,
				C6FAB4041CB7325B00A331AD /* TripTabSitterMain.swift */,
				C6FAB45D1CBC076600A331AD /* TripCell.swift */,
				C6E7276A1CBC216E00E7945B /* NavControllerPetsOwner.swift */,
				C6E7276C1CBC21FA00E7945B /* NavControllerPetsSitter.swift */,
				C6E7276E1CBC24F800E7945B /* TabBarControllerOwner.swift */,
				C6E727701CBC251F00E7945B /* TabBarControllerSitter.swift */,
				C63CA6C91CC07FCE00FA1EFD /* NewTripOwnerController.swift */,
				C6E6027C1CC4340F00D9865A /* ViewTripOwner.swift */,
				C6E6027E1CC434CF00D9865A /* SimpleCell.swift */,
				C6E602801CC435A600D9865A /* AddressCell.swift */,
				C6FAB4061CBBFE6900A331AD /* SettingsOwner.swift */,
				C6E727681CBC208700E7945B /* SettingsSitter.swift */,
				67B0594B1CC486BF00018A10 /* Owner_EditPhone.swift */,
				67B0594D1CC486DA00018A10 /* Owner_EditEmail.swift */,
				C6D84F7E1CC524990093D7A3 /* ViewTripSitter.swift */,
				67E1750C1CC707EE003BA936 /* SitterToDoListTableViewCell.swift */,
				C6D9C2D41CC833F000A86097 /* DatePickerCell.swift */,
				C6D9C2D81CC8669700A86097 /* MapCell.swift */,
				C6D9C2DA1CC9436400A86097 /* DateEntryCell.swift */,
				C6593A561CC978EE007907A3 /* PetCheckCell.swift */,
				C6593A581CC9C1BA007907A3 /* TripNameCell.swift */,
			);
			name = Controllers;
			sourceTree = "<group>";
		};
		C6D73C0B1CB4BA2C001BC7F2 /* Model */ = {
			isa = PBXGroup;
			children = (
				C6DA0D301CA62CED00F425B3 /* SitStay.xcdatamodeld */,
				C66FF9CB1CC7F417004140EC /* Pet+CoreDataProperties.swift */,
				C66FF9CC1CC7F417004140EC /* Pet.swift */,
				C66FF9CD1CC7F417004140EC /* Water+CoreDataProperties.swift */,
				C66FF9CE1CC7F417004140EC /* Water.swift */,
				C66FF9CF1CC7F417004140EC /* Trip+CoreDataProperties.swift */,
				C66FF9D01CC7F417004140EC /* Trip.swift */,
				C66FF9D11CC7F417004140EC /* Medication+CoreDataProperties.swift */,
				C66FF9D21CC7F417004140EC /* Medication.swift */,
				C66FF9D31CC7F417004140EC /* Food+CoreDataProperties.swift */,
				C66FF9D41CC7F417004140EC /* Food.swift */,
				C66FF9D51CC7F417004140EC /* Exercise+CoreDataProperties.swift */,
				C66FF9D61CC7F417004140EC /* Exercise.swift */,
				C66FF9C71CC7DEE9004140EC /* User+CoreDataProperties.swift */,
				C66FF9C81CC7DEE9004140EC /* User.swift */,
			);
			name = Model;
			sourceTree = "<group>";
		};
		C6DA0D1D1CA62CED00F425B3 = {
			isa = PBXGroup;
			children = (
				C6D9C2D61CC85C1400A86097 /* MapKit.framework */,
				C6DA0D281CA62CED00F425B3 /* SitStay */,
				C6DA0D271CA62CED00F425B3 /* Products */,
			);
			sourceTree = "<group>";
		};
		C6DA0D271CA62CED00F425B3 /* Products */ = {
			isa = PBXGroup;
			children = (
				C6DA0D261CA62CED00F425B3 /* SitStay.app */,
			);
			name = Products;
			sourceTree = "<group>";
		};
		C6DA0D281CA62CED00F425B3 /* SitStay */ = {
			isa = PBXGroup;
			children = (
				C6D73C0A1CB4BA1D001BC7F2 /* Controllers */,
				C6D73C091CB4BA05001BC7F2 /* Views */,
				C6DA0D401CA634E600F425B3 /* img */,
				C6DA0D291CA62CED00F425B3 /* AppDelegate.swift */,
				C6DA0D331CA62CED00F425B3 /* Assets.xcassets */,
				C6DA0D381CA62CED00F425B3 /* Info.plist */,
				C6D73C0B1CB4BA2C001BC7F2 /* Model */,
			);
			path = SitStay;
			sourceTree = "<group>";
		};
		C6DA0D401CA634E600F425B3 /* img */ = {
			isa = PBXGroup;
			children = (
				C6FAB4081CBC05DF00A331AD /* Icons */,
				C6DA0D411CA6350400F425B3 /* add.png */,
			);
			name = img;
			sourceTree = "<group>";
		};
		C6FAB4081CBC05DF00A331AD /* Icons */ = {
			isa = PBXGroup;
			children = (
				67111CC01CCD56330093C3B3 /* steve_cat.jpg */,
				C65B074F1CBF3D5F00CDD408 /* chevron.jpg */,
				C6FAB4091CBC05DF00A331AD /* cat head.png */,
				C6FAB40A1CBC05DF00A331AD /* cat profile.jpg */,
				C6FAB40B1CBC05DF00A331AD /* cat profile.png */,
				C6FAB40C1CBC05DF00A331AD /* dog head.png */,
				C6FAB40D1CBC05DF00A331AD /* dog profile.png */,
				C6FAB40E1CBC05DF00A331AD /* exercise icon.png */,
				C6FAB40F1CBC05DF00A331AD /* exercise icon1.ai */,
				C6FAB4101CBC05DF00A331AD /* exercise icon1.png */,
				C6FAB4111CBC05DF00A331AD /* Food icon.png */,
				C6FAB4121CBC05DF00A331AD /* food icon1.ai */,
				C6FAB4131CBC05DF00A331AD /* food icon1.png */,
				C6FAB4141CBC05DF00A331AD /* Logo1.png */,
				C6FAB4151CBC05DF00A331AD /* Logo2.png */,
				C6FAB4161CBC05DF00A331AD /* Logo3.png */,
				C6FAB4171CBC05DF00A331AD /* Logo4.ai */,
				C6FAB4181CBC05DF00A331AD /* Logo4.png */,
				C6FAB4191CBC05DF00A331AD /* Logo5.png */,
				C6FAB41A1CBC05DF00A331AD /* Logo_.ai */,
				C6FAB41B1CBC05DF00A331AD /* meds icon.png */,
				C6FAB41C1CBC05DF00A331AD /* meds icon1.ai */,
				C6FAB41D1CBC05DF00A331AD /* meds icon1.png */,
				C6FAB41E1CBC05DF00A331AD /* other icon.png */,
				C6FAB41F1CBC05DF00A331AD /* other icon1.ai */,
				C6FAB4201CBC05DF00A331AD /* other icon1.png */,
				C6FAB4211CBC05DF00A331AD /* Pets icon active.ai */,
				C6FAB4221CBC05DF00A331AD /* Pets icon.ai */,
				C6FAB4231CBC05DF00A331AD /* Plain.ai */,
				C6FAB4241CBC05DF00A331AD /* To Do icon active.ai */,
				C6FAB4251CBC05DF00A331AD /* To Do icon.ai */,
				C6FAB4261CBC05DF00A331AD /* to do icon.png */,
				C6FAB4271CBC05DF00A331AD /* To Do screen.ai */,
				C6FAB4281CBC05DF00A331AD /* TOOLBAR.ai */,
				C6FAB4291CBC05DF00A331AD /* Trips Icon active.ai */,
				C6FAB42A1CBC05DF00A331AD /* Trips Icon.ai */,
				C6FAB42B1CBC05DF00A331AD /* trips1.png */,
				C6FAB42C1CBC05DF00A331AD /* trips2.ai */,
				C6FAB42D1CBC05DF00A331AD /* Untitled-5.png */,
				C6FAB42E1CBC05DF00A331AD /* Untitled-6.png */,
				C6FAB42F1CBC05DF00A331AD /* Untitled-7.png */,
				C6FAB4301CBC05DF00A331AD /* water icon.png */,
				C6FAB4311CBC05DF00A331AD /* water icon1.ai */,
				C6FAB4321CBC05DF00A331AD /* water icon1.png */,
			);
			path = Icons;
			sourceTree = "<group>";
		};
/* End PBXGroup section */

/* Begin PBXNativeTarget section */
		C6DA0D251CA62CED00F425B3 /* SitStay */ = {
			isa = PBXNativeTarget;
			buildConfigurationList = C6DA0D3B1CA62CED00F425B3 /* Build configuration list for PBXNativeTarget "SitStay" */;
			buildPhases = (
				C6DA0D221CA62CED00F425B3 /* Sources */,
				C6DA0D231CA62CED00F425B3 /* Frameworks */,
				C6DA0D241CA62CED00F425B3 /* Resources */,
			);
			buildRules = (
			);
			dependencies = (
			);
			name = SitStay;
			productName = SitStay;
			productReference = C6DA0D261CA62CED00F425B3 /* SitStay.app */;
			productType = "com.apple.product-type.application";
		};
/* End PBXNativeTarget section */

/* Begin PBXProject section */
		C6DA0D1E1CA62CED00F425B3 /* Project object */ = {
			isa = PBXProject;
			attributes = {
				LastSwiftUpdateCheck = 0720;
				LastUpgradeCheck = 0720;
				ORGANIZATIONNAME = GroupA;
				TargetAttributes = {
					C6DA0D251CA62CED00F425B3 = {
						CreatedOnToolsVersion = 7.2;
						SystemCapabilities = {
							com.apple.Maps.iOS = {
								enabled = 1;
							};
						};
					};
				};
			};
			buildConfigurationList = C6DA0D211CA62CED00F425B3 /* Build configuration list for PBXProject "SitStay" */;
			compatibilityVersion = "Xcode 3.2";
			developmentRegion = English;
			hasScannedForEncodings = 0;
			knownRegions = (
				en,
				Base,
			);
			mainGroup = C6DA0D1D1CA62CED00F425B3;
			productRefGroup = C6DA0D271CA62CED00F425B3 /* Products */;
			projectDirPath = "";
			projectRoot = "";
			targets = (
				C6DA0D251CA62CED00F425B3 /* SitStay */,
			);
		};
/* End PBXProject section */

/* Begin PBXResourcesBuildPhase section */
		C6DA0D241CA62CED00F425B3 /* Resources */ = {
			isa = PBXResourcesBuildPhase;
			buildActionMask = 2147483647;
			files = (
				C6FAB4521CBC05DF00A331AD /* TOOLBAR.ai in Resources */,
				C6FAB44C1CBC05DF00A331AD /* Pets icon.ai in Resources */,
				67111CC11CCD56330093C3B3 /* steve_cat.jpg in Resources */,
				C6FAB4511CBC05DF00A331AD /* To Do screen.ai in Resources */,
				6778C5A91CB6D099005FB205 /* Sitter.storyboard in Resources */,
				C6FAB43B1CBC05DF00A331AD /* Food icon.png in Resources */,
				C6FAB4461CBC05DF00A331AD /* meds icon1.ai in Resources */,
				C6FAB4501CBC05DF00A331AD /* to do icon.png in Resources */,
				C6FAB4481CBC05DF00A331AD /* other icon.png in Resources */,
				C6FAB4451CBC05DF00A331AD /* meds icon.png in Resources */,
				C6FAB4381CBC05DF00A331AD /* exercise icon.png in Resources */,
				C6FAB43D1CBC05DF00A331AD /* food icon1.png in Resources */,
				C6FAB4361CBC05DF00A331AD /* dog head.png in Resources */,
				C6FAB4391CBC05DF00A331AD /* exercise icon1.ai in Resources */,
				C6DA0D371CA62CED00F425B3 /* LaunchScreen.storyboard in Resources */,
				C6FAB4571CBC05DF00A331AD /* Untitled-5.png in Resources */,
				C6DA0D341CA62CED00F425B3 /* Assets.xcassets in Resources */,
				C6FAB4351CBC05DF00A331AD /* cat profile.png in Resources */,
				C6FAB4551CBC05DF00A331AD /* trips1.png in Resources */,
				C6FAB43A1CBC05DF00A331AD /* exercise icon1.png in Resources */,
				C6FAB45C1CBC05DF00A331AD /* water icon1.png in Resources */,
				C6FAB45B1CBC05DF00A331AD /* water icon1.ai in Resources */,
				C6FAB44F1CBC05DF00A331AD /* To Do icon.ai in Resources */,
				C6DA0D2F1CA62CED00F425B3 /* Main.storyboard in Resources */,
				C6FAB4541CBC05DF00A331AD /* Trips Icon.ai in Resources */,
				C6FAB4591CBC05DF00A331AD /* Untitled-7.png in Resources */,
				C6FAB45A1CBC05DF00A331AD /* water icon.png in Resources */,
				C6FAB43F1CBC05DF00A331AD /* Logo2.png in Resources */,
				C6FAB43E1CBC05DF00A331AD /* Logo1.png in Resources */,
				C6DA0D421CA6350400F425B3 /* add.png in Resources */,
				C6FAB44E1CBC05DF00A331AD /* To Do icon active.ai in Resources */,
				C6FAB4471CBC05DF00A331AD /* meds icon1.png in Resources */,
				C6FAB44B1CBC05DF00A331AD /* Pets icon active.ai in Resources */,
				C6FAB44D1CBC05DF00A331AD /* Plain.ai in Resources */,
				C6FAB4561CBC05DF00A331AD /* trips2.ai in Resources */,
				C6FAB4581CBC05DF00A331AD /* Untitled-6.png in Resources */,
				C6FAB4421CBC05DF00A331AD /* Logo4.png in Resources */,
				C6FAB4401CBC05DF00A331AD /* Logo3.png in Resources */,
				C6FAB43C1CBC05DF00A331AD /* food icon1.ai in Resources */,
				C6FAB4371CBC05DF00A331AD /* dog profile.png in Resources */,
				C6FAB4491CBC05DF00A331AD /* other icon1.ai in Resources */,
				C65B07501CBF3D5F00CDD408 /* chevron.jpg in Resources */,
				C6FAB4431CBC05DF00A331AD /* Logo5.png in Resources */,
				C6FAB4411CBC05DF00A331AD /* Logo4.ai in Resources */,
				C6FAB4331CBC05DF00A331AD /* cat head.png in Resources */,
				C6FAB4441CBC05DF00A331AD /* Logo_.ai in Resources */,
				C6FAB44A1CBC05DF00A331AD /* other icon1.png in Resources */,
				C6FAB4341CBC05DF00A331AD /* cat profile.jpg in Resources */,
				C6FAB4531CBC05DF00A331AD /* Trips Icon active.ai in Resources */,
			);
			runOnlyForDeploymentPostprocessing = 0;
		};
/* End PBXResourcesBuildPhase section */

/* Begin PBXSourcesBuildPhase section */
		C6DA0D221CA62CED00F425B3 /* Sources */ = {
			isa = PBXSourcesBuildPhase;
			buildActionMask = 2147483647;
			files = (
				C66FF9E01CC7F417004140EC /* Food.swift in Sources */,
				C63CA6CA1CC07FCE00FA1EFD /* NewTripOwnerController.swift in Sources */,
				C6D73C021CB4B7DD001BC7F2 /* ExistingPetOwner.swift in Sources */,
				C6D9C2D51CC833F000A86097 /* DatePickerCell.swift in Sources */,
				C6D73C041CB4B7DD001BC7F2 /* CellSitter.swift in Sources */,
				C6D73C051CB4B7DD001BC7F2 /* ContactInfoSitter.swift in Sources */,
				C6D9C2DB1CC9436400A86097 /* DateEntryCell.swift in Sources */,
				C66FF9CA1CC7DEE9004140EC /* User.swift in Sources */,
				C66FF9DC1CC7F417004140EC /* Trip.swift in Sources */,
				C6DA0D2C1CA62CED00F425B3 /* ViewController.swift in Sources */,
				C6D73BFE1CB4B7DD001BC7F2 /* AddPetOwner.swift in Sources */,
				C6FAB4051CB7325B00A331AD /* TripTabSitterMain.swift in Sources */,
				C66FF9DA1CC7F417004140EC /* Water.swift in Sources */,
				C6593A591CC9C1BA007907A3 /* TripNameCell.swift in Sources */,
				C66FF9E11CC7F417004140EC /* Exercise+CoreDataProperties.swift in Sources */,
				C66FF9DD1CC7F417004140EC /* Medication+CoreDataProperties.swift in Sources */,
				C6D73BFF1CB4B7DD001BC7F2 /* CollectionViewCellOwner.swift in Sources */,
				C66FF9C91CC7DEE9004140EC /* User+CoreDataProperties.swift in Sources */,
				C6D84F7F1CC524990093D7A3 /* ViewTripSitter.swift in Sources */,
				67B0594C1CC486BF00018A10 /* Owner_EditPhone.swift in Sources */,
				C6FAB45E1CBC076600A331AD /* TripCell.swift in Sources */,
				C66FF9DE1CC7F417004140EC /* Medication.swift in Sources */,
				C6FAB3F91CB5F1D300A331AD /* PetTabOwner.swift in Sources */,
				C6E6027D1CC4340F00D9865A /* ViewTripOwner.swift in Sources */,
				C6E602811CC435A600D9865A /* AddressCell.swift in Sources */,
				C66FF9E21CC7F417004140EC /* Exercise.swift in Sources */,
				C6FAB3FF1CB723E100A331AD /* TripTabOwnerMain.swift in Sources */,
				C66FF9DB1CC7F417004140EC /* Trip+CoreDataProperties.swift in Sources */,
				C6DA0D321CA62CED00F425B3 /* SitStay.xcdatamodeld in Sources */,
				67E1750D1CC707EE003BA936 /* SitterToDoListTableViewCell.swift in Sources */,
				C6D73C061CB4B7DD001BC7F2 /* PetInfoSitter.swift in Sources */,
				C6D9C2D91CC8669700A86097 /* MapCell.swift in Sources */,
				C6E7276F1CBC24F800E7945B /* TabBarControllerOwner.swift in Sources */,
				C66FF9D81CC7F417004140EC /* Pet.swift in Sources */,
				C6D73C071CB4B7DD001BC7F2 /* PetsSitter.swift in Sources */,
				C66FF9D91CC7F417004140EC /* Water+CoreDataProperties.swift in Sources */,
				C6DA0D2A1CA62CED00F425B3 /* AppDelegate.swift in Sources */,
				C6FAB4071CBBFE6900A331AD /* SettingsOwner.swift in Sources */,
				C6E6027F1CC434CF00D9865A /* SimpleCell.swift in Sources */,
				C6E727711CBC251F00E7945B /* TabBarControllerSitter.swift in Sources */,
				67E1750F1CC70842003BA936 /* SitterToDoListTableViewController.swift in Sources */,
				C6593A571CC978EE007907A3 /* PetCheckCell.swift in Sources */,
				C66FF9D71CC7F417004140EC /* Pet+CoreDataProperties.swift in Sources */,
				C66FF9DF1CC7F417004140EC /* Food+CoreDataProperties.swift in Sources */,
				C6E727691CBC208700E7945B /* SettingsSitter.swift in Sources */,
				C6E7276D1CBC21FA00E7945B /* NavControllerPetsSitter.swift in Sources */,
				C6E7276B1CBC216E00E7945B /* NavControllerPetsOwner.swift in Sources */,
				67B0594E1CC486DA00018A10 /* Owner_EditEmail.swift in Sources */,
			);
			runOnlyForDeploymentPostprocessing = 0;
		};
/* End PBXSourcesBuildPhase section */

/* Begin PBXVariantGroup section */
		C6DA0D2D1CA62CED00F425B3 /* Main.storyboard */ = {
			isa = PBXVariantGroup;
			children = (
				C6DA0D2E1CA62CED00F425B3 /* Base */,
			);
			name = Main.storyboard;
			sourceTree = "<group>";
		};
		C6DA0D351CA62CED00F425B3 /* LaunchScreen.storyboard */ = {
			isa = PBXVariantGroup;
			children = (
				C6DA0D361CA62CED00F425B3 /* Base */,
			);
			name = LaunchScreen.storyboard;
			sourceTree = "<group>";
		};
/* End PBXVariantGroup section */

/* Begin XCBuildConfiguration section */
		C6DA0D391CA62CED00F425B3 /* Debug */ = {
			isa = XCBuildConfiguration;
			buildSettings = {
				ALWAYS_SEARCH_USER_PATHS = NO;
				CLANG_CXX_LANGUAGE_STANDARD = "gnu++0x";
				CLANG_CXX_LIBRARY = "libc++";
				CLANG_ENABLE_MODULES = YES;
				CLANG_ENABLE_OBJC_ARC = YES;
				CLANG_WARN_BOOL_CONVERSION = YES;
				CLANG_WARN_CONSTANT_CONVERSION = YES;
				CLANG_WARN_DIRECT_OBJC_ISA_USAGE = YES_ERROR;
				CLANG_WARN_EMPTY_BODY = YES;
				CLANG_WARN_ENUM_CONVERSION = YES;
				CLANG_WARN_INT_CONVERSION = YES;
				CLANG_WARN_OBJC_ROOT_CLASS = YES_ERROR;
				CLANG_WARN_UNREACHABLE_CODE = YES;
				CLANG_WARN__DUPLICATE_METHOD_MATCH = YES;
				"CODE_SIGN_IDENTITY[sdk=iphoneos*]" = "iPhone Developer";
				COPY_PHASE_STRIP = NO;
				DEBUG_INFORMATION_FORMAT = dwarf;
				ENABLE_STRICT_OBJC_MSGSEND = YES;
				ENABLE_TESTABILITY = YES;
				GCC_C_LANGUAGE_STANDARD = gnu99;
				GCC_DYNAMIC_NO_PIC = NO;
				GCC_NO_COMMON_BLOCKS = YES;
				GCC_OPTIMIZATION_LEVEL = 0;
				GCC_PREPROCESSOR_DEFINITIONS = (
					"DEBUG=1",
					"$(inherited)",
				);
				GCC_WARN_64_TO_32_BIT_CONVERSION = YES;
				GCC_WARN_ABOUT_RETURN_TYPE = YES_ERROR;
				GCC_WARN_UNDECLARED_SELECTOR = YES;
				GCC_WARN_UNINITIALIZED_AUTOS = YES_AGGRESSIVE;
				GCC_WARN_UNUSED_FUNCTION = YES;
				GCC_WARN_UNUSED_VARIABLE = YES;
				IPHONEOS_DEPLOYMENT_TARGET = 9.2;
				MTL_ENABLE_DEBUG_INFO = YES;
				ONLY_ACTIVE_ARCH = YES;
				SDKROOT = iphoneos;
				SWIFT_OPTIMIZATION_LEVEL = "-Onone";
			};
			name = Debug;
		};
		C6DA0D3A1CA62CED00F425B3 /* Release */ = {
			isa = XCBuildConfiguration;
			buildSettings = {
				ALWAYS_SEARCH_USER_PATHS = NO;
				CLANG_CXX_LANGUAGE_STANDARD = "gnu++0x";
				CLANG_CXX_LIBRARY = "libc++";
				CLANG_ENABLE_MODULES = YES;
				CLANG_ENABLE_OBJC_ARC = YES;
				CLANG_WARN_BOOL_CONVERSION = YES;
				CLANG_WARN_CONSTANT_CONVERSION = YES;
				CLANG_WARN_DIRECT_OBJC_ISA_USAGE = YES_ERROR;
				CLANG_WARN_EMPTY_BODY = YES;
				CLANG_WARN_ENUM_CONVERSION = YES;
				CLANG_WARN_INT_CONVERSION = YES;
				CLANG_WARN_OBJC_ROOT_CLASS = YES_ERROR;
				CLANG_WARN_UNREACHABLE_CODE = YES;
				CLANG_WARN__DUPLICATE_METHOD_MATCH = YES;
				"CODE_SIGN_IDENTITY[sdk=iphoneos*]" = "iPhone Developer";
				COPY_PHASE_STRIP = NO;
				DEBUG_INFORMATION_FORMAT = "dwarf-with-dsym";
				ENABLE_NS_ASSERTIONS = NO;
				ENABLE_STRICT_OBJC_MSGSEND = YES;
				GCC_C_LANGUAGE_STANDARD = gnu99;
				GCC_NO_COMMON_BLOCKS = YES;
				GCC_WARN_64_TO_32_BIT_CONVERSION = YES;
				GCC_WARN_ABOUT_RETURN_TYPE = YES_ERROR;
				GCC_WARN_UNDECLARED_SELECTOR = YES;
				GCC_WARN_UNINITIALIZED_AUTOS = YES_AGGRESSIVE;
				GCC_WARN_UNUSED_FUNCTION = YES;
				GCC_WARN_UNUSED_VARIABLE = YES;
				IPHONEOS_DEPLOYMENT_TARGET = 9.2;
				MTL_ENABLE_DEBUG_INFO = NO;
				SDKROOT = iphoneos;
				VALIDATE_PRODUCT = YES;
			};
			name = Release;
		};
		C6DA0D3C1CA62CED00F425B3 /* Debug */ = {
			isa = XCBuildConfiguration;
			buildSettings = {
				ASSETCATALOG_COMPILER_APPICON_NAME = AppIcon;
				CODE_SIGN_IDENTITY = "iPhone Developer";
				INFOPLIST_FILE = SitStay/Info.plist;
				IPHONEOS_DEPLOYMENT_TARGET = 9.0;
				LD_RUNPATH_SEARCH_PATHS = "$(inherited) @executable_path/Frameworks";
				PRODUCT_BUNDLE_IDENTIFIER = edu.missouri.cs.SitStay;
				PRODUCT_NAME = "$(TARGET_NAME)";
			};
			name = Debug;
		};
		C6DA0D3D1CA62CED00F425B3 /* Release */ = {
			isa = XCBuildConfiguration;
			buildSettings = {
				ASSETCATALOG_COMPILER_APPICON_NAME = AppIcon;
				CODE_SIGN_IDENTITY = "iPhone Developer";
				INFOPLIST_FILE = SitStay/Info.plist;
				IPHONEOS_DEPLOYMENT_TARGET = 9.0;
				LD_RUNPATH_SEARCH_PATHS = "$(inherited) @executable_path/Frameworks";
				PRODUCT_BUNDLE_IDENTIFIER = edu.missouri.cs.SitStay;
				PRODUCT_NAME = "$(TARGET_NAME)";
			};
			name = Release;
		};
/* End XCBuildConfiguration section */

/* Begin XCConfigurationList section */
		C6DA0D211CA62CED00F425B3 /* Build configuration list for PBXProject "SitStay" */ = {
			isa = XCConfigurationList;
			buildConfigurations = (
				C6DA0D391CA62CED00F425B3 /* Debug */,
				C6DA0D3A1CA62CED00F425B3 /* Release */,
			);
			defaultConfigurationIsVisible = 0;
			defaultConfigurationName = Release;
		};
		C6DA0D3B1CA62CED00F425B3 /* Build configuration list for PBXNativeTarget "SitStay" */ = {
			isa = XCConfigurationList;
			buildConfigurations = (
				C6DA0D3C1CA62CED00F425B3 /* Debug */,
				C6DA0D3D1CA62CED00F425B3 /* Release */,
			);
			defaultConfigurationIsVisible = 0;
			defaultConfigurationName = Release;
		};
/* End XCConfigurationList section */

/* Begin XCVersionGroup section */
		C6DA0D301CA62CED00F425B3 /* SitStay.xcdatamodeld */ = {
			isa = XCVersionGroup;
			children = (
				C6DA0D311CA62CED00F425B3 /* SitStay.xcdatamodel */,
			);
			currentVersion = C6DA0D311CA62CED00F425B3 /* SitStay.xcdatamodel */;
			path = SitStay.xcdatamodeld;
			sourceTree = "<group>";
			versionGroupType = wrapper.xcdatamodel;
		};
/* End XCVersionGroup section */
	};
	rootObject = C6DA0D1E1CA62CED00F425B3 /* Project object */;
}
