// !$*UTF8*$!
{
	archiveVersion = 1;
	classes = {
	};
	objectVersion = 46;
	objects = {

/* Begin PBXBuildFile section */
		678D4BC41CAB46D1006FC0AB /* Owner_ContactInfo.swift in Sources */ = {isa = PBXBuildFile; fileRef = 678D4BC31CAB46D1006FC0AB /* Owner_ContactInfo.swift */; };
		67EE50DB1CAB5F5B000FA341 /* Owner_EditContactInfo.swift in Sources */ = {isa = PBXBuildFile; fileRef = 67EE50DA1CAB5F5B000FA341 /* Owner_EditContactInfo.swift */; };
		67EE50E31CACAD24000FA341 /* Owner_PetTab.swift in Sources */ = {isa = PBXBuildFile; fileRef = 67EE50E21CACAD24000FA341 /* Owner_PetTab.swift */; };
		67EE50E51CACADB4000FA341 /* Owner_CollectionViewCell.swift in Sources */ = {isa = PBXBuildFile; fileRef = 67EE50E41CACADB4000FA341 /* Owner_CollectionViewCell.swift */; };
		67EE50E71CACB38B000FA341 /* Owner_AddPet.swift in Sources */ = {isa = PBXBuildFile; fileRef = 67EE50E61CACB38B000FA341 /* Owner_AddPet.swift */; };
		67EE50E91CACBC4A000FA341 /* Owner_ExistingPet.swift in Sources */ = {isa = PBXBuildFile; fileRef = 67EE50E81CACBC4A000FA341 /* Owner_ExistingPet.swift */; };
		67F3A31C1CAB265800693E29 /* AppDelegate.swift in Sources */ = {isa = PBXBuildFile; fileRef = 67F3A31B1CAB265800693E29 /* AppDelegate.swift */; };
		67F3A3211CAB265800693E29 /* Main.storyboard in Resources */ = {isa = PBXBuildFile; fileRef = 67F3A31F1CAB265800693E29 /* Main.storyboard */; };
		67F3A3231CAB265800693E29 /* Assets.xcassets in Resources */ = {isa = PBXBuildFile; fileRef = 67F3A3221CAB265800693E29 /* Assets.xcassets */; };
		67F3A3261CAB265800693E29 /* LaunchScreen.storyboard in Resources */ = {isa = PBXBuildFile; fileRef = 67F3A3241CAB265800693E29 /* LaunchScreen.storyboard */; };
/* End PBXBuildFile section */

/* Begin PBXFileReference section */
		678D4BC31CAB46D1006FC0AB /* Owner_ContactInfo.swift */ = {isa = PBXFileReference; fileEncoding = 4; lastKnownFileType = sourcecode.swift; path = Owner_ContactInfo.swift; sourceTree = "<group>"; };
		67EE50DA1CAB5F5B000FA341 /* Owner_EditContactInfo.swift */ = {isa = PBXFileReference; fileEncoding = 4; lastKnownFileType = sourcecode.swift; path = Owner_EditContactInfo.swift; sourceTree = "<group>"; };
		67EE50E21CACAD24000FA341 /* Owner_PetTab.swift */ = {isa = PBXFileReference; fileEncoding = 4; lastKnownFileType = sourcecode.swift; name = Owner_PetTab.swift; path = ../Owner_PetTab.swift; sourceTree = "<group>"; };
		67EE50E41CACADB4000FA341 /* Owner_CollectionViewCell.swift */ = {isa = PBXFileReference; fileEncoding = 4; lastKnownFileType = sourcecode.swift; path = Owner_CollectionViewCell.swift; sourceTree = "<group>"; };
		67EE50E61CACB38B000FA341 /* Owner_AddPet.swift */ = {isa = PBXFileReference; fileEncoding = 4; lastKnownFileType = sourcecode.swift; path = Owner_AddPet.swift; sourceTree = "<group>"; };
		67EE50E81CACBC4A000FA341 /* Owner_ExistingPet.swift */ = {isa = PBXFileReference; fileEncoding = 4; lastKnownFileType = sourcecode.swift; path = Owner_ExistingPet.swift; sourceTree = "<group>"; };
		67F3A3181CAB265800693E29 /* Pet_Tab.app */ = {isa = PBXFileReference; explicitFileType = wrapper.application; includeInIndex = 0; path = Pet_Tab.app; sourceTree = BUILT_PRODUCTS_DIR; };
		67F3A31B1CAB265800693E29 /* AppDelegate.swift */ = {isa = PBXFileReference; lastKnownFileType = sourcecode.swift; path = AppDelegate.swift; sourceTree = "<group>"; };
		67F3A3201CAB265800693E29 /* Base */ = {isa = PBXFileReference; lastKnownFileType = file.storyboard; name = Base; path = Base.lproj/Main.storyboard; sourceTree = "<group>"; };
		67F3A3221CAB265800693E29 /* Assets.xcassets */ = {isa = PBXFileReference; lastKnownFileType = folder.assetcatalog; path = Assets.xcassets; sourceTree = "<group>"; };
		67F3A3251CAB265800693E29 /* Base */ = {isa = PBXFileReference; lastKnownFileType = file.storyboard; name = Base; path = Base.lproj/LaunchScreen.storyboard; sourceTree = "<group>"; };
		67F3A3271CAB265800693E29 /* Info.plist */ = {isa = PBXFileReference; lastKnownFileType = text.plist.xml; path = Info.plist; sourceTree = "<group>"; };
/* End PBXFileReference section */

/* Begin PBXFrameworksBuildPhase section */
		67F3A3151CAB265800693E29 /* Frameworks */ = {
			isa = PBXFrameworksBuildPhase;
			buildActionMask = 2147483647;
			files = (
			);
			runOnlyForDeploymentPostprocessing = 0;
		};
/* End PBXFrameworksBuildPhase section */

/* Begin PBXGroup section */
		67F3A30F1CAB265800693E29 = {
			isa = PBXGroup;
			children = (
				67F3A31A1CAB265800693E29 /* Pet_Tab */,
				67F3A3191CAB265800693E29 /* Products */,
			);
			sourceTree = "<group>";
		};
		67F3A3191CAB265800693E29 /* Products */ = {
			isa = PBXGroup;
			children = (
				67F3A3181CAB265800693E29 /* Pet_Tab.app */,
			);
			name = Products;
			sourceTree = "<group>";
		};
		67F3A31A1CAB265800693E29 /* Pet_Tab */ = {
			isa = PBXGroup;
			children = (
				67EE50E21CACAD24000FA341 /* Owner_PetTab.swift */,
				67EE50E41CACADB4000FA341 /* Owner_CollectionViewCell.swift */,
				67F3A31B1CAB265800693E29 /* AppDelegate.swift */,
				67F3A31F1CAB265800693E29 /* Main.storyboard */,
				67EE50E81CACBC4A000FA341 /* Owner_ExistingPet.swift */,
				67EE50E61CACB38B000FA341 /* Owner_AddPet.swift */,
				67EE50DA1CAB5F5B000FA341 /* Owner_EditContactInfo.swift */,
				678D4BC31CAB46D1006FC0AB /* Owner_ContactInfo.swift */,
				67F3A3221CAB265800693E29 /* Assets.xcassets */,
				67F3A3241CAB265800693E29 /* LaunchScreen.storyboard */,
				67F3A3271CAB265800693E29 /* Info.plist */,
			);
			path = Pet_Tab;
			sourceTree = "<group>";
		};
/* End PBXGroup section */

/* Begin PBXNativeTarget section */
		67F3A3171CAB265800693E29 /* Pet_Tab */ = {
			isa = PBXNativeTarget;
			buildConfigurationList = 67F3A32A1CAB265800693E29 /* Build configuration list for PBXNativeTarget "Pet_Tab" */;
			buildPhases = (
				67F3A3141CAB265800693E29 /* Sources */,
				67F3A3151CAB265800693E29 /* Frameworks */,
				67F3A3161CAB265800693E29 /* Resources */,
			);
			buildRules = (
			);
			dependencies = (
			);
			name = Pet_Tab;
			productName = Pet_Tab;
			productReference = 67F3A3181CAB265800693E29 /* Pet_Tab.app */;
			productType = "com.apple.product-type.application";
		};
/* End PBXNativeTarget section */

/* Begin PBXProject section */
		67F3A3101CAB265800693E29 /* Project object */ = {
			isa = PBXProject;
			attributes = {
				LastSwiftUpdateCheck = 0730;
				LastUpgradeCheck = 0730;
				ORGANIZATIONNAME = "Megan Cochran";
				TargetAttributes = {
					67F3A3171CAB265800693E29 = {
						CreatedOnToolsVersion = 7.3;
					};
				};
			};
			buildConfigurationList = 67F3A3131CAB265800693E29 /* Build configuration list for PBXProject "Pet_Tab" */;
			compatibilityVersion = "Xcode 3.2";
			developmentRegion = English;
			hasScannedForEncodings = 0;
			knownRegions = (
				en,
				Base,
			);
			mainGroup = 67F3A30F1CAB265800693E29;
			productRefGroup = 67F3A3191CAB265800693E29 /* Products */;
			projectDirPath = "";
			projectRoot = "";
			targets = (
				67F3A3171CAB265800693E29 /* Pet_Tab */,
			);
		};
/* End PBXProject section */

/* Begin PBXResourcesBuildPhase section */
		67F3A3161CAB265800693E29 /* Resources */ = {
			isa = PBXResourcesBuildPhase;
			buildActionMask = 2147483647;
			files = (
				67F3A3261CAB265800693E29 /* LaunchScreen.storyboard in Resources */,
				67F3A3231CAB265800693E29 /* Assets.xcassets in Resources */,
				67F3A3211CAB265800693E29 /* Main.storyboard in Resources */,
			);
			runOnlyForDeploymentPostprocessing = 0;
		};
/* End PBXResourcesBuildPhase section */

/* Begin PBXSourcesBuildPhase section */
		67F3A3141CAB265800693E29 /* Sources */ = {
			isa = PBXSourcesBuildPhase;
			buildActionMask = 2147483647;
			files = (
				678D4BC41CAB46D1006FC0AB /* Owner_ContactInfo.swift in Sources */,
				67F3A31C1CAB265800693E29 /* AppDelegate.swift in Sources */,
				67EE50E51CACADB4000FA341 /* Owner_CollectionViewCell.swift in Sources */,
				67EE50E71CACB38B000FA341 /* Owner_AddPet.swift in Sources */,
				67EE50E31CACAD24000FA341 /* Owner_PetTab.swift in Sources */,
				67EE50E91CACBC4A000FA341 /* Owner_ExistingPet.swift in Sources */,
				67EE50DB1CAB5F5B000FA341 /* Owner_EditContactInfo.swift in Sources */,
			);
			runOnlyForDeploymentPostprocessing = 0;
		};
/* End PBXSourcesBuildPhase section */

/* Begin PBXVariantGroup section */
		67F3A31F1CAB265800693E29 /* Main.storyboard */ = {
			isa = PBXVariantGroup;
			children = (
				67F3A3201CAB265800693E29 /* Base */,
			);
			name = Main.storyboard;
			sourceTree = "<group>";
		};
		67F3A3241CAB265800693E29 /* LaunchScreen.storyboard */ = {
			isa = PBXVariantGroup;
			children = (
				67F3A3251CAB265800693E29 /* Base */,
			);
			name = LaunchScreen.storyboard;
			sourceTree = "<group>";
		};
/* End PBXVariantGroup section */

/* Begin XCBuildConfiguration section */
		67F3A3281CAB265800693E29 /* Debug */ = {
			isa = XCBuildConfiguration;
			buildSettings = {
				ALWAYS_SEARCH_USER_PATHS = NO;
				CLANG_ANALYZER_NONNULL = YES;
				CLANG_CXX_LANGUAGE_STANDARD = "gnu++0x";
				CLANG_CXX_LIBRARY = "libc++";
				CLANG_ENABLE_MODULES = YES;
				CLANG_ENABLE_OBJC_ARC = YES;
				CLANG_WARN_BOOL_CONVERSION = YES;
				CLANG_WARN_CONSTANT_CONVERSION = YES;
				CLANG_WARN_DIRECT_OBJC_ISA_USAGE = YES_ERROR;
				CLANG_WARN_EMPTY_BODY = YES;
				CLANG_WARN_ENUM_CONVERSION = YES;
				CLANG_WARN_INT_CONVERSION = YES;
				CLANG_WARN_OBJC_ROOT_CLASS = YES_ERROR;
				CLANG_WARN_UNREACHABLE_CODE = YES;
				CLANG_WARN__DUPLICATE_METHOD_MATCH = YES;
				"CODE_SIGN_IDENTITY[sdk=iphoneos*]" = "iPhone Developer";
				COPY_PHASE_STRIP = NO;
				DEBUG_INFORMATION_FORMAT = dwarf;
				ENABLE_STRICT_OBJC_MSGSEND = YES;
				ENABLE_TESTABILITY = YES;
				GCC_C_LANGUAGE_STANDARD = gnu99;
				GCC_DYNAMIC_NO_PIC = NO;
				GCC_NO_COMMON_BLOCKS = YES;
				GCC_OPTIMIZATION_LEVEL = 0;
				GCC_PREPROCESSOR_DEFINITIONS = (
					"DEBUG=1",
					"$(inherited)",
				);
				GCC_WARN_64_TO_32_BIT_CONVERSION = YES;
				GCC_WARN_ABOUT_RETURN_TYPE = YES_ERROR;
				GCC_WARN_UNDECLARED_SELECTOR = YES;
				GCC_WARN_UNINITIALIZED_AUTOS = YES_AGGRESSIVE;
				GCC_WARN_UNUSED_FUNCTION = YES;
				GCC_WARN_UNUSED_VARIABLE = YES;
				IPHONEOS_DEPLOYMENT_TARGET = 9.3;
				MTL_ENABLE_DEBUG_INFO = YES;
				ONLY_ACTIVE_ARCH = YES;
				SDKROOT = iphoneos;
				SWIFT_OPTIMIZATION_LEVEL = "-Onone";
				TARGETED_DEVICE_FAMILY = "1,2";
			};
			name = Debug;
		};
		67F3A3291CAB265800693E29 /* Release */ = {
			isa = XCBuildConfiguration;
			buildSettings = {
				ALWAYS_SEARCH_USER_PATHS = NO;
				CLANG_ANALYZER_NONNULL = YES;
				CLANG_CXX_LANGUAGE_STANDARD = "gnu++0x";
				CLANG_CXX_LIBRARY = "libc++";
				CLANG_ENABLE_MODULES = YES;
				CLANG_ENABLE_OBJC_ARC = YES;
				CLANG_WARN_BOOL_CONVERSION = YES;
				CLANG_WARN_CONSTANT_CONVERSION = YES;
				CLANG_WARN_DIRECT_OBJC_ISA_USAGE = YES_ERROR;
				CLANG_WARN_EMPTY_BODY = YES;
				CLANG_WARN_ENUM_CONVERSION = YES;
				CLANG_WARN_INT_CONVERSION = YES;
				CLANG_WARN_OBJC_ROOT_CLASS = YES_ERROR;
				CLANG_WARN_UNREACHABLE_CODE = YES;
				CLANG_WARN__DUPLICATE_METHOD_MATCH = YES;
				"CODE_SIGN_IDENTITY[sdk=iphoneos*]" = "iPhone Developer";
				COPY_PHASE_STRIP = NO;
				DEBUG_INFORMATION_FORMAT = "dwarf-with-dsym";
				ENABLE_NS_ASSERTIONS = NO;
				ENABLE_STRICT_OBJC_MSGSEND = YES;
				GCC_C_LANGUAGE_STANDARD = gnu99;
				GCC_NO_COMMON_BLOCKS = YES;
				GCC_WARN_64_TO_32_BIT_CONVERSION = YES;
				GCC_WARN_ABOUT_RETURN_TYPE = YES_ERROR;
				GCC_WARN_UNDECLARED_SELECTOR = YES;
				GCC_WARN_UNINITIALIZED_AUTOS = YES_AGGRESSIVE;
				GCC_WARN_UNUSED_FUNCTION = YES;
				GCC_WARN_UNUSED_VARIABLE = YES;
				IPHONEOS_DEPLOYMENT_TARGET = 9.3;
				MTL_ENABLE_DEBUG_INFO = NO;
				SDKROOT = iphoneos;
				TARGETED_DEVICE_FAMILY = "1,2";
				VALIDATE_PRODUCT = YES;
			};
			name = Release;
		};
		67F3A32B1CAB265800693E29 /* Debug */ = {
			isa = XCBuildConfiguration;
			buildSettings = {
				ASSETCATALOG_COMPILER_APPICON_NAME = AppIcon;
				INFOPLIST_FILE = Pet_Tab/Info.plist;
				LD_RUNPATH_SEARCH_PATHS = "$(inherited) @executable_path/Frameworks";
				PRODUCT_BUNDLE_IDENTIFIER = "edu.missouri.cs.Pet-Tab";
				PRODUCT_NAME = "$(TARGET_NAME)";
			};
			name = Debug;
		};
		67F3A32C1CAB265800693E29 /* Release */ = {
			isa = XCBuildConfiguration;
			buildSettings = {
				ASSETCATALOG_COMPILER_APPICON_NAME = AppIcon;
				INFOPLIST_FILE = Pet_Tab/Info.plist;
				LD_RUNPATH_SEARCH_PATHS = "$(inherited) @executable_path/Frameworks";
				PRODUCT_BUNDLE_IDENTIFIER = "edu.missouri.cs.Pet-Tab";
				PRODUCT_NAME = "$(TARGET_NAME)";
			};
			name = Release;
		};
/* End XCBuildConfiguration section */

/* Begin XCConfigurationList section */
		67F3A3131CAB265800693E29 /* Build configuration list for PBXProject "Pet_Tab" */ = {
			isa = XCConfigurationList;
			buildConfigurations = (
				67F3A3281CAB265800693E29 /* Debug */,
				67F3A3291CAB265800693E29 /* Release */,
			);
			defaultConfigurationIsVisible = 0;
			defaultConfigurationName = Release;
		};
		67F3A32A1CAB265800693E29 /* Build configuration list for PBXNativeTarget "Pet_Tab" */ = {
			isa = XCConfigurationList;
			buildConfigurations = (
				67F3A32B1CAB265800693E29 /* Debug */,
				67F3A32C1CAB265800693E29 /* Release */,
			);
			defaultConfigurationIsVisible = 0;
			defaultConfigurationName = Release;
		};
/* End XCConfigurationList section */
	};
	rootObject = 67F3A3101CAB265800693E29 /* Project object */;
}
